// !$*UTF8*$!
{
	archiveVersion = 1;
	classes = {
	};
	objectVersion = 45;
	objects = {

/* Begin PBXBuildFile section */
		07120DFD134FCEE500B8869B /* OCDSpecOutputter+RedirectOutput.m in Sources */ = {isa = PBXBuildFile; fileRef = 0794AE4D134B5E2E00A484D6 /* OCDSpecOutputter+RedirectOutput.m */; };
		07120E19134FD04B00B8869B /* OCDSpecOutputter+RedirectOutput.m in Sources */ = {isa = PBXBuildFile; fileRef = 0794AE4D134B5E2E00A484D6 /* OCDSpecOutputter+RedirectOutput.m */; };
		07120E1D134FD0D600B8869B /* OCDSpecOutputter+RedirectOutput.m in Sources */ = {isa = PBXBuildFile; fileRef = 0794AE4D134B5E2E00A484D6 /* OCDSpecOutputter+RedirectOutput.m */; };
		073A6F7612F1D0A0003EC052 /* OCDSpecFailSpec.m in Sources */ = {isa = PBXBuildFile; fileRef = 073A6F7512F1D0A0003EC052 /* OCDSpecFailSpec.m */; };
		07550BAB126A2C5400C4A7FF /* unitTestMain.m in Sources */ = {isa = PBXBuildFile; fileRef = 07550BAA126A2C5400C4A7FF /* unitTestMain.m */; };
		0757F8C112C9B4AA0004134A /* testFailureinDescribeBlock.m in Sources */ = {isa = PBXBuildFile; fileRef = 0757F8B612C9B4460004134A /* testFailureinDescribeBlock.m */; };
		07602F82135385D800BE911D /* OCDSpecDescriptionRunnerSpec.m in Sources */ = {isa = PBXBuildFile; fileRef = 07602F81135385D800BE911D /* OCDSpecDescriptionRunnerSpec.m */; };
		0761B5241359E48C00FE98CC /* OCDSpecAssertionSpec.m in Sources */ = {isa = PBXBuildFile; fileRef = 0761B5231359E48C00FE98CC /* OCDSpecAssertionSpec.m */; };
		07763E7D131881160059DA1D /* OCDSpecOutputter.m in Sources */ = {isa = PBXBuildFile; fileRef = 07763E7A131880620059DA1D /* OCDSpecOutputter.m */; };
		07763E7E131881170059DA1D /* OCDSpecOutputter.m in Sources */ = {isa = PBXBuildFile; fileRef = 07763E7A131880620059DA1D /* OCDSpecOutputter.m */; };
		07763E7F131881170059DA1D /* OCDSpecOutputter.m in Sources */ = {isa = PBXBuildFile; fileRef = 07763E7A131880620059DA1D /* OCDSpecOutputter.m */; };
		07763E80131881180059DA1D /* OCDSpecOutputter.m in Sources */ = {isa = PBXBuildFile; fileRef = 07763E7A131880620059DA1D /* OCDSpecOutputter.m */; };
		077CF00C12DDE01E00F7B1C5 /* OCDSpecDescription.m in Sources */ = {isa = PBXBuildFile; fileRef = 077CF00312DDE01E00F7B1C5 /* OCDSpecDescription.m */; };
		077CF00D12DDE01E00F7B1C5 /* OCDSpecDescriptionRunner.m in Sources */ = {isa = PBXBuildFile; fileRef = 077CF00512DDE01E00F7B1C5 /* OCDSpecDescriptionRunner.m */; };
		077CF00E12DDE01E00F7B1C5 /* OCDSpecExample.m in Sources */ = {isa = PBXBuildFile; fileRef = 077CF00712DDE01E00F7B1C5 /* OCDSpecExample.m */; };
		077CF00F12DDE01E00F7B1C5 /* OCDSpecExampleSpec.m in Sources */ = {isa = PBXBuildFile; fileRef = 077CF00812DDE01E00F7B1C5 /* OCDSpecExampleSpec.m */; };
		077CF01012DDE01E00F7B1C5 /* OCDSpecFail.m in Sources */ = {isa = PBXBuildFile; fileRef = 077CF00A12DDE01E00F7B1C5 /* OCDSpecFail.m */; };
		077CF01112DDE01E00F7B1C5 /* OCDSpecDescriptionSpec.m in Sources */ = {isa = PBXBuildFile; fileRef = 077CF00B12DDE01E00F7B1C5 /* OCDSpecDescriptionSpec.m */; };
		077CF01812DDE01E00F7B1C5 /* OCDSpecDescription.m in Sources */ = {isa = PBXBuildFile; fileRef = 077CF00312DDE01E00F7B1C5 /* OCDSpecDescription.m */; };
		077CF01912DDE01E00F7B1C5 /* OCDSpecDescriptionRunner.m in Sources */ = {isa = PBXBuildFile; fileRef = 077CF00512DDE01E00F7B1C5 /* OCDSpecDescriptionRunner.m */; };
		077CF01A12DDE01E00F7B1C5 /* OCDSpecExample.m in Sources */ = {isa = PBXBuildFile; fileRef = 077CF00712DDE01E00F7B1C5 /* OCDSpecExample.m */; };
		077CF01C12DDE01E00F7B1C5 /* OCDSpecFail.m in Sources */ = {isa = PBXBuildFile; fileRef = 077CF00A12DDE01E00F7B1C5 /* OCDSpecFail.m */; };
		077CF01E12DDE01E00F7B1C5 /* OCDSpecDescription.m in Sources */ = {isa = PBXBuildFile; fileRef = 077CF00312DDE01E00F7B1C5 /* OCDSpecDescription.m */; };
		077CF01F12DDE01E00F7B1C5 /* OCDSpecDescriptionRunner.m in Sources */ = {isa = PBXBuildFile; fileRef = 077CF00512DDE01E00F7B1C5 /* OCDSpecDescriptionRunner.m */; };
		077CF02012DDE01E00F7B1C5 /* OCDSpecExample.m in Sources */ = {isa = PBXBuildFile; fileRef = 077CF00712DDE01E00F7B1C5 /* OCDSpecExample.m */; };
		077CF02212DDE01E00F7B1C5 /* OCDSpecFail.m in Sources */ = {isa = PBXBuildFile; fileRef = 077CF00A12DDE01E00F7B1C5 /* OCDSpecFail.m */; };
		077CF02412DDE01E00F7B1C5 /* OCDSpecDescription.m in Sources */ = {isa = PBXBuildFile; fileRef = 077CF00312DDE01E00F7B1C5 /* OCDSpecDescription.m */; };
		077CF02512DDE01E00F7B1C5 /* OCDSpecDescriptionRunner.m in Sources */ = {isa = PBXBuildFile; fileRef = 077CF00512DDE01E00F7B1C5 /* OCDSpecDescriptionRunner.m */; };
		077CF02612DDE01E00F7B1C5 /* OCDSpecExample.m in Sources */ = {isa = PBXBuildFile; fileRef = 077CF00712DDE01E00F7B1C5 /* OCDSpecExample.m */; };
		077CF02812DDE01E00F7B1C5 /* OCDSpecFail.m in Sources */ = {isa = PBXBuildFile; fileRef = 077CF00A12DDE01E00F7B1C5 /* OCDSpecFail.m */; };
		0794ADB2134AC4BF00A484D6 /* OCDSpecSharedResultsSpec.m in Sources */ = {isa = PBXBuildFile; fileRef = 0794ADB1134AC4BF00A484D6 /* OCDSpecSharedResultsSpec.m */; };
		0794ADB7134AC55100A484D6 /* OCDSpecSharedResults.m in Sources */ = {isa = PBXBuildFile; fileRef = 0794ADB6134AC55100A484D6 /* OCDSpecSharedResults.m */; };
		0794ADD6134AC9A500A484D6 /* OCDSpecSharedResults.m in Sources */ = {isa = PBXBuildFile; fileRef = 0794ADB6134AC55100A484D6 /* OCDSpecSharedResults.m */; };
		0794ADD7134AC9A600A484D6 /* OCDSpecSharedResults.m in Sources */ = {isa = PBXBuildFile; fileRef = 0794ADB6134AC55100A484D6 /* OCDSpecSharedResults.m */; };
		0794ADD8134AC9A600A484D6 /* OCDSpecSharedResults.m in Sources */ = {isa = PBXBuildFile; fileRef = 0794ADB6134AC55100A484D6 /* OCDSpecSharedResults.m */; };
		0794AE47134B5B0D00A484D6 /* OCDSpecOutputter+RedirectOutputSpec.m in Sources */ = {isa = PBXBuildFile; fileRef = 0794AE46134B5B0D00A484D6 /* OCDSpecOutputter+RedirectOutputSpec.m */; };
		0794AE4E134B5E2E00A484D6 /* OCDSpecOutputter+RedirectOutput.m in Sources */ = {isa = PBXBuildFile; fileRef = 0794AE4D134B5E2E00A484D6 /* OCDSpecOutputter+RedirectOutput.m */; };
		0795716312BA51D800281A44 /* testSuccessInDescribeBlock.m in Sources */ = {isa = PBXBuildFile; fileRef = 0795714812BA504200281A44 /* testSuccessInDescribeBlock.m */; };
		07B90FBB12EA5AB400FC388F /* MockExample.m in Sources */ = {isa = PBXBuildFile; fileRef = 07C2DDF4128442EA009E03F7 /* MockExample.m */; };
		07B90FCC12EBBBC500FC388F /* MockExample.m in Sources */ = {isa = PBXBuildFile; fileRef = 07C2DDF4128442EA009E03F7 /* MockExample.m */; };
		07C0C18A12CCD2E8008B4D42 /* testMultipleDescriptions.m in Sources */ = {isa = PBXBuildFile; fileRef = 07C0C18812CCD140008B4D42 /* testMultipleDescriptions.m */; };
		07C2DDF5128442EA009E03F7 /* MockExample.m in Sources */ = {isa = PBXBuildFile; fileRef = 07C2DDF4128442EA009E03F7 /* MockExample.m */; };
		07DD9D3D1347534F0034EA52 /* OCDSpecOutputterSpec.m in Sources */ = {isa = PBXBuildFile; fileRef = 07DD9D3C1347534F0034EA52 /* OCDSpecOutputterSpec.m */; };
/* End PBXBuildFile section */

/* Begin PBXFileReference section */
		073A6F7512F1D0A0003EC052 /* OCDSpecFailSpec.m */ = {isa = PBXFileReference; fileEncoding = 4; lastKnownFileType = sourcecode.c.objc; path = OCDSpecFailSpec.m; sourceTree = "<group>"; };
		07550BA4126A2BBB00C4A7FF /* UnitTests.app */ = {isa = PBXFileReference; explicitFileType = wrapper.application; includeInIndex = 0; path = UnitTests.app; sourceTree = BUILT_PRODUCTS_DIR; };
		07550BAA126A2C5400C4A7FF /* unitTestMain.m */ = {isa = PBXFileReference; fileEncoding = 4; lastKnownFileType = sourcecode.c.objc; path = unitTestMain.m; sourceTree = "<group>"; };
		0757F8B612C9B4460004134A /* testFailureinDescribeBlock.m */ = {isa = PBXFileReference; fileEncoding = 4; lastKnownFileType = sourcecode.c.objc; path = testFailureinDescribeBlock.m; sourceTree = "<group>"; tabWidth = 0; };
		0757F8BB12C9B4980004134A /* TestDescribeMacroFailing.app */ = {isa = PBXFileReference; explicitFileType = wrapper.application; includeInIndex = 0; path = TestDescribeMacroFailing.app; sourceTree = BUILT_PRODUCTS_DIR; };
		0757F8BD12C9B4980004134A /* TestDescribeMacroFailing-Info.plist */ = {isa = PBXFileReference; lastKnownFileType = text.plist.xml; name = "TestDescribeMacroFailing-Info.plist"; path = "Specs/Programs/TestDescribeMacroFailing-Info.plist"; sourceTree = "<group>"; };
		07602F81135385D800BE911D /* OCDSpecDescriptionRunnerSpec.m */ = {isa = PBXFileReference; fileEncoding = 4; lastKnownFileType = sourcecode.c.objc; path = OCDSpecDescriptionRunnerSpec.m; sourceTree = "<group>"; };
		0761B5231359E48C00FE98CC /* OCDSpecAssertionSpec.m */ = {isa = PBXFileReference; fileEncoding = 4; lastKnownFileType = sourcecode.c.objc; path = OCDSpecAssertionSpec.m; sourceTree = "<group>"; };
		07763E79131880620059DA1D /* OCDSpecOutputter.h */ = {isa = PBXFileReference; fileEncoding = 4; lastKnownFileType = sourcecode.c.h; path = OCDSpecOutputter.h; sourceTree = "<group>"; };
		07763E7A131880620059DA1D /* OCDSpecOutputter.m */ = {isa = PBXFileReference; fileEncoding = 4; lastKnownFileType = sourcecode.c.objc; path = OCDSpecOutputter.m; sourceTree = "<group>"; };
		077CEFF912DDDFBC00F7B1C5 /* OCDSpecDescription.h */ = {isa = PBXFileReference; fileEncoding = 4; lastKnownFileType = sourcecode.c.h; path = OCDSpecDescription.h; sourceTree = "<group>"; };
		077CF00312DDE01E00F7B1C5 /* OCDSpecDescription.m */ = {isa = PBXFileReference; fileEncoding = 4; lastKnownFileType = sourcecode.c.objc; path = OCDSpecDescription.m; sourceTree = "<group>"; };
		077CF00412DDE01E00F7B1C5 /* OCDSpecDescriptionRunner.h */ = {isa = PBXFileReference; fileEncoding = 4; lastKnownFileType = sourcecode.c.h; path = OCDSpecDescriptionRunner.h; sourceTree = "<group>"; };
		077CF00512DDE01E00F7B1C5 /* OCDSpecDescriptionRunner.m */ = {isa = PBXFileReference; fileEncoding = 4; lastKnownFileType = sourcecode.c.objc; path = OCDSpecDescriptionRunner.m; sourceTree = "<group>"; };
		077CF00612DDE01E00F7B1C5 /* OCDSpecExample.h */ = {isa = PBXFileReference; fileEncoding = 4; lastKnownFileType = sourcecode.c.h; path = OCDSpecExample.h; sourceTree = "<group>"; };
		077CF00712DDE01E00F7B1C5 /* OCDSpecExample.m */ = {isa = PBXFileReference; fileEncoding = 4; lastKnownFileType = sourcecode.c.objc; path = OCDSpecExample.m; sourceTree = "<group>"; };
		077CF00812DDE01E00F7B1C5 /* OCDSpecExampleSpec.m */ = {isa = PBXFileReference; fileEncoding = 4; lastKnownFileType = sourcecode.c.objc; path = OCDSpecExampleSpec.m; sourceTree = "<group>"; };
		077CF00912DDE01E00F7B1C5 /* OCDSpecFail.h */ = {isa = PBXFileReference; fileEncoding = 4; lastKnownFileType = sourcecode.c.h; path = OCDSpecFail.h; sourceTree = "<group>"; };
		077CF00A12DDE01E00F7B1C5 /* OCDSpecFail.m */ = {isa = PBXFileReference; fileEncoding = 4; lastKnownFileType = sourcecode.c.objc; path = OCDSpecFail.m; sourceTree = "<group>"; };
		077CF00B12DDE01E00F7B1C5 /* OCDSpecDescriptionSpec.m */ = {isa = PBXFileReference; fileEncoding = 4; lastKnownFileType = sourcecode.c.objc; path = OCDSpecDescriptionSpec.m; sourceTree = "<group>"; };
		0783C697128A6162003EBDFE /* DescriptionRunner.h */ = {isa = PBXFileReference; fileEncoding = 4; lastKnownFileType = sourcecode.c.h; path = DescriptionRunner.h; sourceTree = "<group>"; };
		0794ADB1134AC4BF00A484D6 /* OCDSpecSharedResultsSpec.m */ = {isa = PBXFileReference; fileEncoding = 4; lastKnownFileType = sourcecode.c.objc; path = OCDSpecSharedResultsSpec.m; sourceTree = "<group>"; };
		0794ADB5134AC55100A484D6 /* OCDSpecSharedResults.h */ = {isa = PBXFileReference; fileEncoding = 4; lastKnownFileType = sourcecode.c.h; path = OCDSpecSharedResults.h; sourceTree = "<group>"; };
		0794ADB6134AC55100A484D6 /* OCDSpecSharedResults.m */ = {isa = PBXFileReference; fileEncoding = 4; lastKnownFileType = sourcecode.c.objc; path = OCDSpecSharedResults.m; sourceTree = "<group>"; };
		0794AE46134B5B0D00A484D6 /* OCDSpecOutputter+RedirectOutputSpec.m */ = {isa = PBXFileReference; fileEncoding = 4; lastKnownFileType = sourcecode.c.objc; path = "OCDSpecOutputter+RedirectOutputSpec.m"; sourceTree = "<group>"; };
		0794AE4C134B5E2E00A484D6 /* OCDSpecOutputter+RedirectOutput.h */ = {isa = PBXFileReference; fileEncoding = 4; lastKnownFileType = sourcecode.c.h; path = "OCDSpecOutputter+RedirectOutput.h"; sourceTree = "<group>"; };
		0794AE4D134B5E2E00A484D6 /* OCDSpecOutputter+RedirectOutput.m */ = {isa = PBXFileReference; fileEncoding = 4; lastKnownFileType = sourcecode.c.objc; path = "OCDSpecOutputter+RedirectOutput.m"; sourceTree = "<group>"; };
		0795714812BA504200281A44 /* testSuccessInDescribeBlock.m */ = {isa = PBXFileReference; fileEncoding = 4; lastKnownFileType = sourcecode.c.objc; path = testSuccessInDescribeBlock.m; sourceTree = "<group>"; };
		0795715712BA51A700281A44 /* TestDescribeMacro.app */ = {isa = PBXFileReference; explicitFileType = wrapper.application; includeInIndex = 0; path = TestDescribeMacro.app; sourceTree = BUILT_PRODUCTS_DIR; };
		0795715912BA51A700281A44 /* TestDescribeMacro-Info.plist */ = {isa = PBXFileReference; lastKnownFileType = text.plist.xml; name = "TestDescribeMacro-Info.plist"; path = "Specs/Programs/TestDescribeMacro-Info.plist"; sourceTree = "<group>"; };
		07B90FAD12EA59E800FC388F /* OCDSpec.h */ = {isa = PBXFileReference; fileEncoding = 4; lastKnownFileType = sourcecode.c.h; path = OCDSpec.h; sourceTree = "<group>"; };
		07C0C17912CCD091008B4D42 /* TestMultipleDescriptions.app */ = {isa = PBXFileReference; explicitFileType = wrapper.application; includeInIndex = 0; path = TestMultipleDescriptions.app; sourceTree = BUILT_PRODUCTS_DIR; };
		07C0C17B12CCD091008B4D42 /* TestMultipleDescriptions-Info.plist */ = {isa = PBXFileReference; lastKnownFileType = text.plist.xml; name = "TestMultipleDescriptions-Info.plist"; path = "Specs/Programs/TestMultipleDescriptions-Info.plist"; sourceTree = "<group>"; };
		07C0C18812CCD140008B4D42 /* testMultipleDescriptions.m */ = {isa = PBXFileReference; fileEncoding = 4; lastKnownFileType = sourcecode.c.objc; path = testMultipleDescriptions.m; sourceTree = "<group>"; tabWidth = 0; };
		07C2DDF3128442EA009E03F7 /* MockExample.h */ = {isa = PBXFileReference; fileEncoding = 4; lastKnownFileType = sourcecode.c.h; path = MockExample.h; sourceTree = "<group>"; };
		07C2DDF4128442EA009E03F7 /* MockExample.m */ = {isa = PBXFileReference; fileEncoding = 4; lastKnownFileType = sourcecode.c.objc; path = MockExample.m; sourceTree = "<group>"; };
		07C2DE3712844CDE009E03F7 /* Example.h */ = {isa = PBXFileReference; fileEncoding = 4; lastKnownFileType = sourcecode.c.h; path = Example.h; sourceTree = "<group>"; };
		07DD9D3C1347534F0034EA52 /* OCDSpecOutputterSpec.m */ = {isa = PBXFileReference; fileEncoding = 4; lastKnownFileType = sourcecode.c.objc; path = OCDSpecOutputterSpec.m; sourceTree = "<group>"; };
		1D30AB110D05D00D00671497 /* Foundation.framework */ = {isa = PBXFileReference; lastKnownFileType = wrapper.framework; name = Foundation.framework; path = System/Library/Frameworks/Foundation.framework; sourceTree = SDKROOT; };
		1DF5F4DF0D08C38300B7A737 /* UIKit.framework */ = {isa = PBXFileReference; lastKnownFileType = wrapper.framework; name = UIKit.framework; path = System/Library/Frameworks/UIKit.framework; sourceTree = SDKROOT; };
/* End PBXFileReference section */

/* Begin PBXFrameworksBuildPhase section */
		07550BA2126A2BBB00C4A7FF /* Frameworks */ = {
			isa = PBXFrameworksBuildPhase;
			buildActionMask = 2147483647;
			files = (
			);
			runOnlyForDeploymentPostprocessing = 0;
		};
		0757F8B912C9B4980004134A /* Frameworks */ = {
			isa = PBXFrameworksBuildPhase;
			buildActionMask = 2147483647;
			files = (
			);
			runOnlyForDeploymentPostprocessing = 0;
		};
		0795715512BA51A700281A44 /* Frameworks */ = {
			isa = PBXFrameworksBuildPhase;
			buildActionMask = 2147483647;
			files = (
			);
			runOnlyForDeploymentPostprocessing = 0;
		};
		07C0C17712CCD091008B4D42 /* Frameworks */ = {
			isa = PBXFrameworksBuildPhase;
			buildActionMask = 2147483647;
			files = (
			);
			runOnlyForDeploymentPostprocessing = 0;
		};
/* End PBXFrameworksBuildPhase section */

/* Begin PBXGroup section */
		073A6F9312F1D43C003EC052 /* Mocks */ = {
			isa = PBXGroup;
			children = (
				07C2DDF3128442EA009E03F7 /* MockExample.h */,
				07C2DDF4128442EA009E03F7 /* MockExample.m */,
			);
			path = Mocks;
			sourceTree = "<group>";
		};
		073A6FCA12F1D7C3003EC052 /* OCDSpec */ = {
			isa = PBXGroup;
			children = (
				07C2DE3512844C33009E03F7 /* Protocols */,
				07B90FAD12EA59E800FC388F /* OCDSpec.h */,
				077CEFF912DDDFBC00F7B1C5 /* OCDSpecDescription.h */,
				077CF00312DDE01E00F7B1C5 /* OCDSpecDescription.m */,
				077CF00412DDE01E00F7B1C5 /* OCDSpecDescriptionRunner.h */,
				077CF00512DDE01E00F7B1C5 /* OCDSpecDescriptionRunner.m */,
				077CF00612DDE01E00F7B1C5 /* OCDSpecExample.h */,
				077CF00712DDE01E00F7B1C5 /* OCDSpecExample.m */,
				077CF00912DDE01E00F7B1C5 /* OCDSpecFail.h */,
				077CF00A12DDE01E00F7B1C5 /* OCDSpecFail.m */,
				07763E79131880620059DA1D /* OCDSpecOutputter.h */,
				07763E7A131880620059DA1D /* OCDSpecOutputter.m */,
				0794AE4C134B5E2E00A484D6 /* OCDSpecOutputter+RedirectOutput.h */,
				0794AE4D134B5E2E00A484D6 /* OCDSpecOutputter+RedirectOutput.m */,
				0794ADB5134AC55100A484D6 /* OCDSpecSharedResults.h */,
				0794ADB6134AC55100A484D6 /* OCDSpecSharedResults.m */,
			);
			path = OCDSpec;
			sourceTree = "<group>";
		};
		073A6FCB12F1D7CB003EC052 /* Specs */ = {
			isa = PBXGroup;
			children = (
				073A6F7512F1D0A0003EC052 /* OCDSpecFailSpec.m */,
				0794ADB1134AC4BF00A484D6 /* OCDSpecSharedResultsSpec.m */,
				077CF00812DDE01E00F7B1C5 /* OCDSpecExampleSpec.m */,
				077CF00B12DDE01E00F7B1C5 /* OCDSpecDescriptionSpec.m */,
				07602F81135385D800BE911D /* OCDSpecDescriptionRunnerSpec.m */,
				07DD9D3C1347534F0034EA52 /* OCDSpecOutputterSpec.m */,
				0794AE46134B5B0D00A484D6 /* OCDSpecOutputter+RedirectOutputSpec.m */,
				0761B5231359E48C00FE98CC /* OCDSpecAssertionSpec.m */,
				073A6F9312F1D43C003EC052 /* Mocks */,
				073A6FCC12F1D7DF003EC052 /* Programs */,
			);
			path = Specs;
			sourceTree = "<group>";
		};
		073A6FCC12F1D7DF003EC052 /* Programs */ = {
			isa = PBXGroup;
			children = (
				07550BAA126A2C5400C4A7FF /* unitTestMain.m */,
				0795714812BA504200281A44 /* testSuccessInDescribeBlock.m */,
				0757F8B612C9B4460004134A /* testFailureinDescribeBlock.m */,
				07C0C18812CCD140008B4D42 /* testMultipleDescriptions.m */,
			);
			path = Programs;
			sourceTree = "<group>";
		};
		07C2DE3512844C33009E03F7 /* Protocols */ = {
			isa = PBXGroup;
			children = (
				07C2DE3712844CDE009E03F7 /* Example.h */,
				0783C697128A6162003EBDFE /* DescriptionRunner.h */,
			);
			path = Protocols;
			sourceTree = "<group>";
		};
		19C28FACFE9D520D11CA2CBB /* Products */ = {
			isa = PBXGroup;
			children = (
				07550BA4126A2BBB00C4A7FF /* UnitTests.app */,
				0795715712BA51A700281A44 /* TestDescribeMacro.app */,
				0757F8BB12C9B4980004134A /* TestDescribeMacroFailing.app */,
				07C0C17912CCD091008B4D42 /* TestMultipleDescriptions.app */,
			);
			name = Products;
			sourceTree = "<group>";
		};
		29B97314FDCFA39411CA2CEA /* CustomTemplate */ = {
			isa = PBXGroup;
			children = (
				073A6FCB12F1D7CB003EC052 /* Specs */,
				073A6FCA12F1D7C3003EC052 /* OCDSpec */,
				29B97323FDCFA39411CA2CEA /* Frameworks */,
				19C28FACFE9D520D11CA2CBB /* Products */,
				0795715912BA51A700281A44 /* TestDescribeMacro-Info.plist */,
				0757F8BD12C9B4980004134A /* TestDescribeMacroFailing-Info.plist */,
				07C0C17B12CCD091008B4D42 /* TestMultipleDescriptions-Info.plist */,
			);
			name = CustomTemplate;
			sourceTree = "<group>";
		};
		29B97323FDCFA39411CA2CEA /* Frameworks */ = {
			isa = PBXGroup;
			children = (
				1DF5F4DF0D08C38300B7A737 /* UIKit.framework */,
				1D30AB110D05D00D00671497 /* Foundation.framework */,
			);
			name = Frameworks;
			sourceTree = "<group>";
		};
/* End PBXGroup section */

/* Begin PBXNativeTarget section */
		07550BA3126A2BBB00C4A7FF /* OCDSpecUnitTests */ = {
			isa = PBXNativeTarget;
			buildConfigurationList = 07550BA9126A2BBC00C4A7FF /* Build configuration list for PBXNativeTarget "OCDSpecUnitTests" */;
			buildPhases = (
				07550BA0126A2BBB00C4A7FF /* Resources */,
				07550BA1126A2BBB00C4A7FF /* Sources */,
				07550BA2126A2BBB00C4A7FF /* Frameworks */,
				0766C33112714A3B004BBD75 /* ShellScript */,
			);
			buildRules = (
			);
			dependencies = (
			);
			name = OCDSpecUnitTests;
			productName = UnitTests;
			productReference = 07550BA4126A2BBB00C4A7FF /* UnitTests.app */;
			productType = "com.apple.product-type.application";
		};
		0757F8BA12C9B4980004134A /* TestDescribeMacroFailing */ = {
			isa = PBXNativeTarget;
			buildConfigurationList = 0757F8C012C9B4990004134A /* Build configuration list for PBXNativeTarget "TestDescribeMacroFailing" */;
			buildPhases = (
				0757F8B712C9B4980004134A /* Resources */,
				0757F8B812C9B4980004134A /* Sources */,
				0757F8B912C9B4980004134A /* Frameworks */,
				0757F8C312C9B4B80004134A /* ShellScript */,
			);
			buildRules = (
			);
			dependencies = (
			);
			name = TestDescribeMacroFailing;
			productName = TestDescribeMacroFailing;
			productReference = 0757F8BB12C9B4980004134A /* TestDescribeMacroFailing.app */;
			productType = "com.apple.product-type.application";
		};
		0795715612BA51A700281A44 /* TestDescribeMacro */ = {
			isa = PBXNativeTarget;
			buildConfigurationList = 0795715C12BA51A700281A44 /* Build configuration list for PBXNativeTarget "TestDescribeMacro" */;
			buildPhases = (
				0795715312BA51A700281A44 /* Resources */,
				0795715412BA51A700281A44 /* Sources */,
				0795715512BA51A700281A44 /* Frameworks */,
				075CDB5012C3BF0F00E90E03 /* ShellScript */,
			);
			buildRules = (
			);
			dependencies = (
			);
			name = TestDescribeMacro;
			productName = TestDescribeMacro;
			productReference = 0795715712BA51A700281A44 /* TestDescribeMacro.app */;
			productType = "com.apple.product-type.application";
		};
		07C0C17812CCD091008B4D42 /* TestMultipleDescriptions */ = {
			isa = PBXNativeTarget;
			buildConfigurationList = 07C0C17E12CCD091008B4D42 /* Build configuration list for PBXNativeTarget "TestMultipleDescriptions" */;
			buildPhases = (
				07C0C17512CCD091008B4D42 /* Resources */,
				07C0C17612CCD091008B4D42 /* Sources */,
				07C0C17712CCD091008B4D42 /* Frameworks */,
				07C0C18012CCD0F7008B4D42 /* ShellScript */,
			);
			buildRules = (
			);
			dependencies = (
			);
			name = TestMultipleDescriptions;
			productName = TestMultipleDescriptions;
			productReference = 07C0C17912CCD091008B4D42 /* TestMultipleDescriptions.app */;
			productType = "com.apple.product-type.application";
		};
/* End PBXNativeTarget section */

/* Begin PBXProject section */
		29B97313FDCFA39411CA2CEA /* Project object */ = {
			isa = PBXProject;
			buildConfigurationList = C01FCF4E08A954540054247B /* Build configuration list for PBXProject "OCDSpec" */;
			compatibilityVersion = "Xcode 3.1";
			developmentRegion = English;
			hasScannedForEncodings = 1;
			knownRegions = (
				en,
			);
			mainGroup = 29B97314FDCFA39411CA2CEA /* CustomTemplate */;
			projectDirPath = "";
			projectRoot = "";
			targets = (
				07550BA3126A2BBB00C4A7FF /* OCDSpecUnitTests */,
				0795715612BA51A700281A44 /* TestDescribeMacro */,
				0757F8BA12C9B4980004134A /* TestDescribeMacroFailing */,
				07C0C17812CCD091008B4D42 /* TestMultipleDescriptions */,
			);
		};
/* End PBXProject section */

/* Begin PBXResourcesBuildPhase section */
		07550BA0126A2BBB00C4A7FF /* Resources */ = {
			isa = PBXResourcesBuildPhase;
			buildActionMask = 2147483647;
			files = (
			);
			runOnlyForDeploymentPostprocessing = 0;
		};
		0757F8B712C9B4980004134A /* Resources */ = {
			isa = PBXResourcesBuildPhase;
			buildActionMask = 2147483647;
			files = (
			);
			runOnlyForDeploymentPostprocessing = 0;
		};
		0795715312BA51A700281A44 /* Resources */ = {
			isa = PBXResourcesBuildPhase;
			buildActionMask = 2147483647;
			files = (
			);
			runOnlyForDeploymentPostprocessing = 0;
		};
		07C0C17512CCD091008B4D42 /* Resources */ = {
			isa = PBXResourcesBuildPhase;
			buildActionMask = 2147483647;
			files = (
			);
			runOnlyForDeploymentPostprocessing = 0;
		};
/* End PBXResourcesBuildPhase section */

/* Begin PBXShellScriptBuildPhase section */
		0757F8C312C9B4B80004134A /* ShellScript */ = {
			isa = PBXShellScriptBuildPhase;
			buildActionMask = 2147483647;
			files = (
			);
			inputPaths = (
			);
			outputPaths = (
			);
			runOnlyForDeploymentPostprocessing = 0;
			shellPath = /bin/sh;
			shellScript = ./Specs/Programs/RunIPhoneUnitTest.sh;
		};
		075CDB5012C3BF0F00E90E03 /* ShellScript */ = {
			isa = PBXShellScriptBuildPhase;
			buildActionMask = 2147483647;
			files = (
			);
			inputPaths = (
			);
			outputPaths = (
			);
			runOnlyForDeploymentPostprocessing = 0;
			shellPath = /bin/sh;
			shellScript = ./Specs/Programs/RunIPhoneUnitTest.sh;
		};
		0766C33112714A3B004BBD75 /* ShellScript */ = {
			isa = PBXShellScriptBuildPhase;
			buildActionMask = 2147483647;
			files = (
			);
			inputPaths = (
			);
			outputPaths = (
			);
			runOnlyForDeploymentPostprocessing = 0;
			shellPath = /bin/sh;
			shellScript = ./Specs/Programs/RunIPhoneUnitTest.sh;
		};
		07C0C18012CCD0F7008B4D42 /* ShellScript */ = {
			isa = PBXShellScriptBuildPhase;
			buildActionMask = 2147483647;
			files = (
			);
			inputPaths = (
			);
			outputPaths = (
			);
			runOnlyForDeploymentPostprocessing = 0;
			shellPath = /bin/sh;
			shellScript = ./Specs/Programs/RunIPhoneUnitTest.sh;
		};
/* End PBXShellScriptBuildPhase section */

/* Begin PBXSourcesBuildPhase section */
		07550BA1126A2BBB00C4A7FF /* Sources */ = {
			isa = PBXSourcesBuildPhase;
			buildActionMask = 2147483647;
			files = (
				07550BAB126A2C5400C4A7FF /* unitTestMain.m in Sources */,
				07C2DDF5128442EA009E03F7 /* MockExample.m in Sources */,
				077CF00C12DDE01E00F7B1C5 /* OCDSpecDescription.m in Sources */,
				077CF00D12DDE01E00F7B1C5 /* OCDSpecDescriptionRunner.m in Sources */,
				077CF00E12DDE01E00F7B1C5 /* OCDSpecExample.m in Sources */,
				077CF00F12DDE01E00F7B1C5 /* OCDSpecExampleSpec.m in Sources */,
				077CF01012DDE01E00F7B1C5 /* OCDSpecFail.m in Sources */,
				077CF01112DDE01E00F7B1C5 /* OCDSpecDescriptionSpec.m in Sources */,
				073A6F7612F1D0A0003EC052 /* OCDSpecFailSpec.m in Sources */,
				07763E7D131881160059DA1D /* OCDSpecOutputter.m in Sources */,
				07DD9D3D1347534F0034EA52 /* OCDSpecOutputterSpec.m in Sources */,
				0794ADB2134AC4BF00A484D6 /* OCDSpecSharedResultsSpec.m in Sources */,
				0794ADB7134AC55100A484D6 /* OCDSpecSharedResults.m in Sources */,
				0794AE47134B5B0D00A484D6 /* OCDSpecOutputter+RedirectOutputSpec.m in Sources */,
				0794AE4E134B5E2E00A484D6 /* OCDSpecOutputter+RedirectOutput.m in Sources */,
				07602F82135385D800BE911D /* OCDSpecDescriptionRunnerSpec.m in Sources */,
				0761B5241359E48C00FE98CC /* OCDSpecAssertionSpec.m in Sources */,
			);
			runOnlyForDeploymentPostprocessing = 0;
		};
		0757F8B812C9B4980004134A /* Sources */ = {
			isa = PBXSourcesBuildPhase;
			buildActionMask = 2147483647;
			files = (
				07120E19134FD04B00B8869B /* OCDSpecOutputter+RedirectOutput.m in Sources */,
				0757F8C112C9B4AA0004134A /* testFailureinDescribeBlock.m in Sources */,
				077CF01E12DDE01E00F7B1C5 /* OCDSpecDescription.m in Sources */,
				077CF01F12DDE01E00F7B1C5 /* OCDSpecDescriptionRunner.m in Sources */,
				077CF02012DDE01E00F7B1C5 /* OCDSpecExample.m in Sources */,
				077CF02212DDE01E00F7B1C5 /* OCDSpecFail.m in Sources */,
				07B90FBB12EA5AB400FC388F /* MockExample.m in Sources */,
				07763E7F131881170059DA1D /* OCDSpecOutputter.m in Sources */,
				0794ADD7134AC9A600A484D6 /* OCDSpecSharedResults.m in Sources */,
			);
			runOnlyForDeploymentPostprocessing = 0;
		};
		0795715412BA51A700281A44 /* Sources */ = {
			isa = PBXSourcesBuildPhase;
			buildActionMask = 2147483647;
			files = (
				07120DFD134FCEE500B8869B /* OCDSpecOutputter+RedirectOutput.m in Sources */,
				0795716312BA51D800281A44 /* testSuccessInDescribeBlock.m in Sources */,
				077CF01812DDE01E00F7B1C5 /* OCDSpecDescription.m in Sources */,
				077CF01912DDE01E00F7B1C5 /* OCDSpecDescriptionRunner.m in Sources */,
				077CF01A12DDE01E00F7B1C5 /* OCDSpecExample.m in Sources */,
				077CF01C12DDE01E00F7B1C5 /* OCDSpecFail.m in Sources */,
				07763E7E131881170059DA1D /* OCDSpecOutputter.m in Sources */,
				0794ADD8134AC9A600A484D6 /* OCDSpecSharedResults.m in Sources */,
			);
			runOnlyForDeploymentPostprocessing = 0;
		};
		07C0C17612CCD091008B4D42 /* Sources */ = {
			isa = PBXSourcesBuildPhase;
			buildActionMask = 2147483647;
			files = (
				07C0C18A12CCD2E8008B4D42 /* testMultipleDescriptions.m in Sources */,
				077CF02412DDE01E00F7B1C5 /* OCDSpecDescription.m in Sources */,
				077CF02512DDE01E00F7B1C5 /* OCDSpecDescriptionRunner.m in Sources */,
				077CF02612DDE01E00F7B1C5 /* OCDSpecExample.m in Sources */,
				077CF02812DDE01E00F7B1C5 /* OCDSpecFail.m in Sources */,
				07B90FCC12EBBBC500FC388F /* MockExample.m in Sources */,
				07763E80131881180059DA1D /* OCDSpecOutputter.m in Sources */,
				0794ADD6134AC9A500A484D6 /* OCDSpecSharedResults.m in Sources */,
				07120E1D134FD0D600B8869B /* OCDSpecOutputter+RedirectOutput.m in Sources */,
			);
			runOnlyForDeploymentPostprocessing = 0;
		};
/* End PBXSourcesBuildPhase section */

/* Begin XCBuildConfiguration section */
		07550BA7126A2BBB00C4A7FF /* Debug */ = {
			isa = XCBuildConfiguration;
			buildSettings = {
				ALWAYS_SEARCH_USER_PATHS = NO;
				CODE_SIGN_IDENTITY = "iPhone Developer";
				COPY_PHASE_STRIP = NO;
				GCC_DYNAMIC_NO_PIC = NO;
				GCC_OPTIMIZATION_LEVEL = 0;
				GCC_PRECOMPILE_PREFIX_HEADER = YES;
				GCC_PREFIX_HEADER = "$(SYSTEM_LIBRARY_DIR)/Frameworks/UIKit.framework/Headers/UIKit.h";
				INFOPLIST_FILE = "./Specs/Programs/OCDSpecUnitTests-Info.plist";
				INSTALL_PATH = "$(HOME)/Applications";
				OTHER_LDFLAGS = (
					"-framework",
					Foundation,
					"-framework",
					UIKit,
				);
				PREBINDING = NO;
				PRODUCT_NAME = UnitTests;
				SDKROOT = iphoneos;
				TARGETED_DEVICE_FAMILY = "1,2";
			};
			name = Debug;
		};
		07550BA8126A2BBB00C4A7FF /* Release */ = {
			isa = XCBuildConfiguration;
			buildSettings = {
				ALWAYS_SEARCH_USER_PATHS = NO;
				CODE_SIGN_IDENTITY = "iPhone Developer";
				COPY_PHASE_STRIP = YES;
				DEBUG_INFORMATION_FORMAT = "dwarf-with-dsym";
				GCC_ENABLE_FIX_AND_CONTINUE = NO;
				GCC_PRECOMPILE_PREFIX_HEADER = YES;
				GCC_PREFIX_HEADER = "$(SYSTEM_LIBRARY_DIR)/Frameworks/UIKit.framework/Headers/UIKit.h";
				INFOPLIST_FILE = "UnitTests-Info.plist";
				INSTALL_PATH = "$(HOME)/Applications";
				OTHER_LDFLAGS = (
					"-framework",
					Foundation,
					"-framework",
					UIKit,
				);
				PREBINDING = NO;
				PRODUCT_NAME = UnitTests;
				SDKROOT = iphoneos;
				TARGETED_DEVICE_FAMILY = "1,2";
				ZERO_LINK = NO;
			};
			name = Release;
		};
		0757F8BE12C9B4990004134A /* Debug */ = {
			isa = XCBuildConfiguration;
			buildSettings = {
				ALWAYS_SEARCH_USER_PATHS = NO;
				CODE_SIGN_IDENTITY = "iPhone Developer";
				COPY_PHASE_STRIP = NO;
				GCC_DYNAMIC_NO_PIC = NO;
				GCC_OPTIMIZATION_LEVEL = 0;
				GCC_PRECOMPILE_PREFIX_HEADER = YES;
				GCC_PREFIX_HEADER = "$(SYSTEM_LIBRARY_DIR)/Frameworks/UIKit.framework/Headers/UIKit.h";
				INFOPLIST_FILE = "./Specs/Programs/TestDescribeMacroFailing-Info.plist";
				INSTALL_PATH = "$(HOME)/Applications";
				OTHER_LDFLAGS = (
					"-framework",
					Foundation,
					"-framework",
					UIKit,
				);
				PREBINDING = NO;
				PRODUCT_NAME = TestDescribeMacroFailing;
				SDKROOT = iphoneos;
			};
			name = Debug;
		};
		0757F8BF12C9B4990004134A /* Release */ = {
			isa = XCBuildConfiguration;
			buildSettings = {
				ALWAYS_SEARCH_USER_PATHS = NO;
				CODE_SIGN_IDENTITY = "iPhone Developer";
				COPY_PHASE_STRIP = YES;
				DEBUG_INFORMATION_FORMAT = "dwarf-with-dsym";
				GCC_ENABLE_FIX_AND_CONTINUE = NO;
				GCC_PRECOMPILE_PREFIX_HEADER = YES;
				GCC_PREFIX_HEADER = "$(SYSTEM_LIBRARY_DIR)/Frameworks/UIKit.framework/Headers/UIKit.h";
				INFOPLIST_FILE = "TestDescribeMacroFailing-Info.plist";
				INSTALL_PATH = "$(HOME)/Applications";
				OTHER_LDFLAGS = (
					"-framework",
					Foundation,
					"-framework",
					UIKit,
				);
				PREBINDING = NO;
				PRODUCT_NAME = TestDescribeMacroFailing;
				SDKROOT = iphoneos;
				ZERO_LINK = NO;
			};
			name = Release;
		};
		0795715A12BA51A700281A44 /* Debug */ = {
			isa = XCBuildConfiguration;
			buildSettings = {
				ALWAYS_SEARCH_USER_PATHS = NO;
				CODE_SIGN_IDENTITY = "iPhone Developer";
				COPY_PHASE_STRIP = NO;
				GCC_DYNAMIC_NO_PIC = NO;
				GCC_OPTIMIZATION_LEVEL = 0;
				GCC_PRECOMPILE_PREFIX_HEADER = YES;
				GCC_PREFIX_HEADER = "$(SYSTEM_LIBRARY_DIR)/Frameworks/UIKit.framework/Headers/UIKit.h";
				INFOPLIST_FILE = "./Specs/Programs/TestDescribeMacro-Info.plist";
				INSTALL_PATH = "$(HOME)/Applications";
				OTHER_LDFLAGS = (
					"-framework",
					Foundation,
					"-framework",
					UIKit,
				);
				PREBINDING = NO;
				PRODUCT_NAME = TestDescribeMacro;
				SDKROOT = iphoneos;
			};
			name = Debug;
		};
		0795715B12BA51A700281A44 /* Release */ = {
			isa = XCBuildConfiguration;
			buildSettings = {
				ALWAYS_SEARCH_USER_PATHS = NO;
				CODE_SIGN_IDENTITY = "iPhone Developer";
				COPY_PHASE_STRIP = YES;
				DEBUG_INFORMATION_FORMAT = "dwarf-with-dsym";
				GCC_ENABLE_FIX_AND_CONTINUE = NO;
				GCC_PRECOMPILE_PREFIX_HEADER = YES;
				GCC_PREFIX_HEADER = "$(SYSTEM_LIBRARY_DIR)/Frameworks/UIKit.framework/Headers/UIKit.h";
				INFOPLIST_FILE = "TestDescribeMacro-Info.plist";
				INSTALL_PATH = "$(HOME)/Applications";
				OTHER_LDFLAGS = (
					"-framework",
					Foundation,
					"-framework",
					UIKit,
				);
				PREBINDING = NO;
				PRODUCT_NAME = TestDescribeMacro;
				SDKROOT = iphoneos;
				ZERO_LINK = NO;
			};
			name = Release;
		};
		07C0C17C12CCD091008B4D42 /* Debug */ = {
			isa = XCBuildConfiguration;
			buildSettings = {
				ALWAYS_SEARCH_USER_PATHS = NO;
				CODE_SIGN_IDENTITY = "iPhone Developer";
				COPY_PHASE_STRIP = NO;
				GCC_DYNAMIC_NO_PIC = NO;
				GCC_OPTIMIZATION_LEVEL = 0;
				GCC_PRECOMPILE_PREFIX_HEADER = YES;
				GCC_PREFIX_HEADER = "$(SYSTEM_LIBRARY_DIR)/Frameworks/UIKit.framework/Headers/UIKit.h";
				INFOPLIST_FILE = "./Specs/Programs/TestMultipleDescriptions-Info.plist";
				INSTALL_PATH = "$(HOME)/Applications";
				OTHER_LDFLAGS = (
					"-framework",
					Foundation,
					"-framework",
					UIKit,
				);
				PREBINDING = NO;
				PRODUCT_NAME = TestMultipleDescriptions;
				SDKROOT = iphoneos;
			};
			name = Debug;
		};
		07C0C17D12CCD091008B4D42 /* Release */ = {
			isa = XCBuildConfiguration;
			buildSettings = {
				ALWAYS_SEARCH_USER_PATHS = NO;
				CODE_SIGN_IDENTITY = "iPhone Developer";
				COPY_PHASE_STRIP = YES;
				DEBUG_INFORMATION_FORMAT = "dwarf-with-dsym";
				GCC_ENABLE_FIX_AND_CONTINUE = NO;
				GCC_PRECOMPILE_PREFIX_HEADER = YES;
				GCC_PREFIX_HEADER = "$(SYSTEM_LIBRARY_DIR)/Frameworks/UIKit.framework/Headers/UIKit.h";
				INFOPLIST_FILE = "TestMultipleDescriptions-Info.plist";
				INSTALL_PATH = "$(HOME)/Applications";
				OTHER_LDFLAGS = (
					"-framework",
					Foundation,
					"-framework",
					UIKit,
				);
				PREBINDING = NO;
				PRODUCT_NAME = TestMultipleDescriptions;
				SDKROOT = iphoneos;
				ZERO_LINK = NO;
			};
			name = Release;
		};
		C01FCF4F08A954540054247B /* Debug */ = {
			isa = XCBuildConfiguration;
			buildSettings = {
				ARCHS = "$(ARCHS_STANDARD_32_BIT)";
				"CODE_SIGN_IDENTITY[sdk=iphoneos*]" = "iPhone Developer";
				GCC_C_LANGUAGE_STANDARD = c99;
				GCC_PREPROCESSOR_DEFINITIONS = DEBUG;
				GCC_WARN_ABOUT_RETURN_TYPE = YES;
				GCC_WARN_UNUSED_VARIABLE = YES;
				HEADER_SEARCH_PATHS = "${SRCROOT}";
				PREBINDING = NO;
				SDKROOT = iphoneos;
				TARGETED_DEVICE_FAMILY = "1,2";
			};
			name = Debug;
		};
		C01FCF5008A954540054247B /* Release */ = {
			isa = XCBuildConfiguration;
			buildSettings = {
				ARCHS = "$(ARCHS_STANDARD_32_BIT)";
				"CODE_SIGN_IDENTITY[sdk=iphoneos*]" = "iPhone Developer";
				GCC_C_LANGUAGE_STANDARD = c99;
				GCC_WARN_ABOUT_RETURN_TYPE = YES;
				GCC_WARN_UNUSED_VARIABLE = YES;
				OTHER_CFLAGS = "-DNS_BLOCK_ASSERTIONS=1";
				PREBINDING = NO;
				SDKROOT = iphoneos;
				TARGETED_DEVICE_FAMILY = "1,2";
			};
			name = Release;
		};
/* End XCBuildConfiguration section */

/* Begin XCConfigurationList section */
		07550BA9126A2BBC00C4A7FF /* Build configuration list for PBXNativeTarget "OCDSpecUnitTests" */ = {
			isa = XCConfigurationList;
			buildConfigurations = (
				07550BA7126A2BBB00C4A7FF /* Debug */,
				07550BA8126A2BBB00C4A7FF /* Release */,
			);
			defaultConfigurationIsVisible = 0;
			defaultConfigurationName = Release;
		};
		0757F8C012C9B4990004134A /* Build configuration list for PBXNativeTarget "TestDescribeMacroFailing" */ = {
			isa = XCConfigurationList;
			buildConfigurations = (
				0757F8BE12C9B4990004134A /* Debug */,
				0757F8BF12C9B4990004134A /* Release */,
			);
			defaultConfigurationIsVisible = 0;
			defaultConfigurationName = Release;
		};
		0795715C12BA51A700281A44 /* Build configuration list for PBXNativeTarget "TestDescribeMacro" */ = {
			isa = XCConfigurationList;
			buildConfigurations = (
				0795715A12BA51A700281A44 /* Debug */,
				0795715B12BA51A700281A44 /* Release */,
			);
			defaultConfigurationIsVisible = 0;
			defaultConfigurationName = Release;
		};
		07C0C17E12CCD091008B4D42 /* Build configuration list for PBXNativeTarget "TestMultipleDescriptions" */ = {
			isa = XCConfigurationList;
			buildConfigurations = (
				07C0C17C12CCD091008B4D42 /* Debug */,
				07C0C17D12CCD091008B4D42 /* Release */,
			);
			defaultConfigurationIsVisible = 0;
			defaultConfigurationName = Release;
		};
		C01FCF4E08A954540054247B /* Build configuration list for PBXProject "OCDSpec" */ = {
			isa = XCConfigurationList;
			buildConfigurations = (
				C01FCF4F08A954540054247B /* Debug */,
				C01FCF5008A954540054247B /* Release */,
			);
			defaultConfigurationIsVisible = 0;
			defaultConfigurationName = Release;
		};
/* End XCConfigurationList section */
	};
	rootObject = 29B97313FDCFA39411CA2CEA /* Project object */;
}
