// !$*UTF8*$!
{
	archiveVersion = 1;
	classes = {
	};
	objectVersion = 46;
	objects = {

/* Begin PBXBuildFile section */
		07120DFD134FCEE500B8869B /* OCDSpecOutputter+RedirectOutput.m in Sources */ = {isa = PBXBuildFile; fileRef = 0794AE4D134B5E2E00A484D6 /* OCDSpecOutputter+RedirectOutput.m */; };
		07120E19134FD04B00B8869B /* OCDSpecOutputter+RedirectOutput.m in Sources */ = {isa = PBXBuildFile; fileRef = 0794AE4D134B5E2E00A484D6 /* OCDSpecOutputter+RedirectOutput.m */; };
		07120E1D134FD0D600B8869B /* OCDSpecOutputter+RedirectOutput.m in Sources */ = {isa = PBXBuildFile; fileRef = 0794AE4D134B5E2E00A484D6 /* OCDSpecOutputter+RedirectOutput.m */; };
		073A6F7612F1D0A0003EC052 /* OCDSpecFailSpec.m in Sources */ = {isa = PBXBuildFile; fileRef = 073A6F7512F1D0A0003EC052 /* OCDSpecFailSpec.m */; settings = {COMPILER_FLAGS = "-fno-objc-arc"; }; };
		0757F8C112C9B4AA0004134A /* testFailureinDescribeBlock.m in Sources */ = {isa = PBXBuildFile; fileRef = 0757F8B612C9B4460004134A /* testFailureinDescribeBlock.m */; };
		07602F82135385D800BE911D /* OCDSpecSuiteRunnerSpec.m in Sources */ = {isa = PBXBuildFile; fileRef = 07602F81135385D800BE911D /* OCDSpecSuiteRunnerSpec.m */; settings = {COMPILER_FLAGS = "-fno-objc-arc"; }; };
		0761B5241359E48C00FE98CC /* OCDSpecExpectationSpec.m in Sources */ = {isa = PBXBuildFile; fileRef = 0761B5231359E48C00FE98CC /* OCDSpecExpectationSpec.m */; settings = {COMPILER_FLAGS = "-fno-objc-arc"; }; };
		07679CE913749C060013D81B /* OCDSpecOutputter+RedirectOutput.m in Sources */ = {isa = PBXBuildFile; fileRef = 0794AE4D134B5E2E00A484D6 /* OCDSpecOutputter+RedirectOutput.m */; settings = {COMPILER_FLAGS = "-fno-objc-arc"; }; };
		07679CF91375EB5D0013D81B /* Foundation.framework in Frameworks */ = {isa = PBXBuildFile; fileRef = 1D30AB110D05D00D00671497 /* Foundation.framework */; };
		07679D051375EC490013D81B /* OCDSpecFailSpec.m in Sources */ = {isa = PBXBuildFile; fileRef = 073A6F7512F1D0A0003EC052 /* OCDSpecFailSpec.m */; };
		07679D071375EC490013D81B /* OCDSpecExampleSpec.m in Sources */ = {isa = PBXBuildFile; fileRef = 077CF00812DDE01E00F7B1C5 /* OCDSpecExampleSpec.m */; };
		07679D081375EC490013D81B /* OCDSpecDescriptionSpec.m in Sources */ = {isa = PBXBuildFile; fileRef = 077CF00B12DDE01E00F7B1C5 /* OCDSpecDescriptionSpec.m */; };
		07679D091375EC490013D81B /* OCDSpecSuiteRunnerSpec.m in Sources */ = {isa = PBXBuildFile; fileRef = 07602F81135385D800BE911D /* OCDSpecSuiteRunnerSpec.m */; };
		07679D0A1375EC490013D81B /* OCDSpecOutputterSpec.m in Sources */ = {isa = PBXBuildFile; fileRef = 07DD9D3C1347534F0034EA52 /* OCDSpecOutputterSpec.m */; };
		07679D0B1375EC490013D81B /* OCDSpecOutputter+RedirectOutputSpec.m in Sources */ = {isa = PBXBuildFile; fileRef = 0794AE46134B5B0D00A484D6 /* OCDSpecOutputter+RedirectOutputSpec.m */; };
		07679D0C1375EC490013D81B /* OCDSpecExpectationSpec.m in Sources */ = {isa = PBXBuildFile; fileRef = 0761B5231359E48C00FE98CC /* OCDSpecExpectationSpec.m */; };
		07679D0E1375EC490013D81B /* MockExample.m in Sources */ = {isa = PBXBuildFile; fileRef = 07C2DDF4128442EA009E03F7 /* MockExample.m */; };
		07679D101375EC490013D81B /* MockObjectWithEquals.m in Sources */ = {isa = PBXBuildFile; fileRef = 07C3DBAA13622CE600CADEDB /* MockObjectWithEquals.m */; };
		07679D121375EC490013D81B /* OCDSpecOutputter+RedirectOutput.m in Sources */ = {isa = PBXBuildFile; fileRef = 0794AE4D134B5E2E00A484D6 /* OCDSpecOutputter+RedirectOutput.m */; };
		077CF00F12DDE01E00F7B1C5 /* OCDSpecExampleSpec.m in Sources */ = {isa = PBXBuildFile; fileRef = 077CF00812DDE01E00F7B1C5 /* OCDSpecExampleSpec.m */; settings = {COMPILER_FLAGS = "-fno-objc-arc"; }; };
		077CF01112DDE01E00F7B1C5 /* OCDSpecDescriptionSpec.m in Sources */ = {isa = PBXBuildFile; fileRef = 077CF00B12DDE01E00F7B1C5 /* OCDSpecDescriptionSpec.m */; };
		07893DBD13904B080060214F /* OCDSpecDescription.m in Sources */ = {isa = PBXBuildFile; fileRef = 077CF00312DDE01E00F7B1C5 /* OCDSpecDescription.m */; settings = {COMPILER_FLAGS = "-fno-objc-arc"; }; };
		07893DBE13904B080060214F /* OCDSpecSuiteRunner.m in Sources */ = {isa = PBXBuildFile; fileRef = 077CF00512DDE01E00F7B1C5 /* OCDSpecSuiteRunner.m */; settings = {COMPILER_FLAGS = "-fno-objc-arc"; }; };
		07893DBF13904B080060214F /* OCDSpecExample.m in Sources */ = {isa = PBXBuildFile; fileRef = 077CF00712DDE01E00F7B1C5 /* OCDSpecExample.m */; settings = {COMPILER_FLAGS = "-fno-objc-arc"; }; };
		07893DC013904B080060214F /* OCDSpecFail.m in Sources */ = {isa = PBXBuildFile; fileRef = 077CF00A12DDE01E00F7B1C5 /* OCDSpecFail.m */; settings = {COMPILER_FLAGS = "-fno-objc-arc"; }; };
		07893DC113904B080060214F /* OCDSpecOutputter.m in Sources */ = {isa = PBXBuildFile; fileRef = 07763E7A131880620059DA1D /* OCDSpecOutputter.m */; settings = {COMPILER_FLAGS = "-fno-objc-arc"; }; };
		07893DC313904B080060214F /* OCDSpecExpectation.m in Sources */ = {isa = PBXBuildFile; fileRef = 07C3DBA71362234D00CADEDB /* OCDSpecExpectation.m */; settings = {COMPILER_FLAGS = "-fno-objc-arc"; }; };
		07893DC413904BD20060214F /* OCDSpecDescription.m in Sources */ = {isa = PBXBuildFile; fileRef = 077CF00312DDE01E00F7B1C5 /* OCDSpecDescription.m */; };
		07893DC513904BD20060214F /* OCDSpecSuiteRunner.m in Sources */ = {isa = PBXBuildFile; fileRef = 077CF00512DDE01E00F7B1C5 /* OCDSpecSuiteRunner.m */; };
		07893DC613904BD20060214F /* OCDSpecExample.m in Sources */ = {isa = PBXBuildFile; fileRef = 077CF00712DDE01E00F7B1C5 /* OCDSpecExample.m */; };
		07893DC713904BD20060214F /* OCDSpecFail.m in Sources */ = {isa = PBXBuildFile; fileRef = 077CF00A12DDE01E00F7B1C5 /* OCDSpecFail.m */; };
		07893DC813904BD20060214F /* OCDSpecOutputter.m in Sources */ = {isa = PBXBuildFile; fileRef = 07763E7A131880620059DA1D /* OCDSpecOutputter.m */; };
		07893DCA13904BD20060214F /* OCDSpecExpectation.m in Sources */ = {isa = PBXBuildFile; fileRef = 07C3DBA71362234D00CADEDB /* OCDSpecExpectation.m */; };
		07893DD913904C730060214F /* OCDSpecDescription.m in Sources */ = {isa = PBXBuildFile; fileRef = 077CF00312DDE01E00F7B1C5 /* OCDSpecDescription.m */; };
		07893DDA13904C730060214F /* OCDSpecSuiteRunner.m in Sources */ = {isa = PBXBuildFile; fileRef = 077CF00512DDE01E00F7B1C5 /* OCDSpecSuiteRunner.m */; };
		07893DDB13904C730060214F /* OCDSpecExample.m in Sources */ = {isa = PBXBuildFile; fileRef = 077CF00712DDE01E00F7B1C5 /* OCDSpecExample.m */; };
		07893DDC13904C730060214F /* OCDSpecFail.m in Sources */ = {isa = PBXBuildFile; fileRef = 077CF00A12DDE01E00F7B1C5 /* OCDSpecFail.m */; };
		07893DDD13904C730060214F /* OCDSpecOutputter.m in Sources */ = {isa = PBXBuildFile; fileRef = 07763E7A131880620059DA1D /* OCDSpecOutputter.m */; };
		07893DDF13904C730060214F /* OCDSpecExpectation.m in Sources */ = {isa = PBXBuildFile; fileRef = 07C3DBA71362234D00CADEDB /* OCDSpecExpectation.m */; };
		07893DE013904D670060214F /* OCDSpecDescription.m in Sources */ = {isa = PBXBuildFile; fileRef = 077CF00312DDE01E00F7B1C5 /* OCDSpecDescription.m */; };
		07893DE113904D670060214F /* OCDSpecSuiteRunner.m in Sources */ = {isa = PBXBuildFile; fileRef = 077CF00512DDE01E00F7B1C5 /* OCDSpecSuiteRunner.m */; };
		07893DE213904D670060214F /* OCDSpecExample.m in Sources */ = {isa = PBXBuildFile; fileRef = 077CF00712DDE01E00F7B1C5 /* OCDSpecExample.m */; };
		07893DE313904D670060214F /* OCDSpecFail.m in Sources */ = {isa = PBXBuildFile; fileRef = 077CF00A12DDE01E00F7B1C5 /* OCDSpecFail.m */; };
		07893DE413904D670060214F /* OCDSpecOutputter.m in Sources */ = {isa = PBXBuildFile; fileRef = 07763E7A131880620059DA1D /* OCDSpecOutputter.m */; };
		07893DE613904D670060214F /* OCDSpecExpectation.m in Sources */ = {isa = PBXBuildFile; fileRef = 07C3DBA71362234D00CADEDB /* OCDSpecExpectation.m */; };
		07893DE713904D890060214F /* OCDSpecDescription.m in Sources */ = {isa = PBXBuildFile; fileRef = 077CF00312DDE01E00F7B1C5 /* OCDSpecDescription.m */; };
		07893DE813904D890060214F /* OCDSpecSuiteRunner.m in Sources */ = {isa = PBXBuildFile; fileRef = 077CF00512DDE01E00F7B1C5 /* OCDSpecSuiteRunner.m */; };
		07893DE913904D890060214F /* OCDSpecExample.m in Sources */ = {isa = PBXBuildFile; fileRef = 077CF00712DDE01E00F7B1C5 /* OCDSpecExample.m */; };
		07893DEA13904D890060214F /* OCDSpecFail.m in Sources */ = {isa = PBXBuildFile; fileRef = 077CF00A12DDE01E00F7B1C5 /* OCDSpecFail.m */; };
		07893DEB13904D890060214F /* OCDSpecOutputter.m in Sources */ = {isa = PBXBuildFile; fileRef = 07763E7A131880620059DA1D /* OCDSpecOutputter.m */; };
		07893DED13904D890060214F /* OCDSpecExpectation.m in Sources */ = {isa = PBXBuildFile; fileRef = 07C3DBA71362234D00CADEDB /* OCDSpecExpectation.m */; };
		07893DF0139052EB0060214F /* unitTestMain.m in Sources */ = {isa = PBXBuildFile; fileRef = 07893DEF139052EB0060214F /* unitTestMain.m */; settings = {COMPILER_FLAGS = "-fno-objc-arc"; }; };
		07893DF2139053DE0060214F /* macMain.m in Sources */ = {isa = PBXBuildFile; fileRef = 07893DF1139053DE0060214F /* macMain.m */; };
		0792748F13DA1A7400F94421 /* OCDSpecCondition.m in Sources */ = {isa = PBXBuildFile; fileRef = 0792748A13DA1A7400F94421 /* OCDSpecCondition.m */; settings = {COMPILER_FLAGS = "-fno-objc-arc"; }; };
		0792749213DA1AC600F94421 /* OCDSpecCondition.m in Sources */ = {isa = PBXBuildFile; fileRef = 0792748A13DA1A7400F94421 /* OCDSpecCondition.m */; };
		0792749713DA1DAF00F94421 /* OCDSpecPostCondition.m in Sources */ = {isa = PBXBuildFile; fileRef = 0792749613DA1DAF00F94421 /* OCDSpecPostCondition.m */; settings = {COMPILER_FLAGS = "-fno-objc-arc"; }; };
		0792749813DA1DAF00F94421 /* OCDSpecPostCondition.m in Sources */ = {isa = PBXBuildFile; fileRef = 0792749613DA1DAF00F94421 /* OCDSpecPostCondition.m */; };
		0792749A13DA1DD500F94421 /* OCDSpecPreCondition.m in Sources */ = {isa = PBXBuildFile; fileRef = 0792749913DA1DD500F94421 /* OCDSpecPreCondition.m */; settings = {COMPILER_FLAGS = "-fno-objc-arc"; }; };
		0792749B13DA1E0900F94421 /* OCDSpecPreCondition.m in Sources */ = {isa = PBXBuildFile; fileRef = 0792749913DA1DD500F94421 /* OCDSpecPreCondition.m */; };
		0794AE47134B5B0D00A484D6 /* OCDSpecOutputter+RedirectOutputSpec.m in Sources */ = {isa = PBXBuildFile; fileRef = 0794AE46134B5B0D00A484D6 /* OCDSpecOutputter+RedirectOutputSpec.m */; settings = {COMPILER_FLAGS = "-fno-objc-arc"; }; };
		0795716312BA51D800281A44 /* testSuccessInDescribeBlock.m in Sources */ = {isa = PBXBuildFile; fileRef = 0795714812BA504200281A44 /* testSuccessInDescribeBlock.m */; };
		07B90FCC12EBBBC500FC388F /* MockExample.m in Sources */ = {isa = PBXBuildFile; fileRef = 07C2DDF4128442EA009E03F7 /* MockExample.m */; };
		07C0C18A12CCD2E8008B4D42 /* testMultipleDescriptions.m in Sources */ = {isa = PBXBuildFile; fileRef = 07C0C18812CCD140008B4D42 /* testMultipleDescriptions.m */; };
		07C2DDF5128442EA009E03F7 /* MockExample.m in Sources */ = {isa = PBXBuildFile; fileRef = 07C2DDF4128442EA009E03F7 /* MockExample.m */; settings = {COMPILER_FLAGS = "-fno-objc-arc"; }; };
		07C3DBAB13622CE600CADEDB /* MockObjectWithEquals.m in Sources */ = {isa = PBXBuildFile; fileRef = 07C3DBAA13622CE600CADEDB /* MockObjectWithEquals.m */; settings = {COMPILER_FLAGS = "-fno-objc-arc"; }; };
		07DD9D3D1347534F0034EA52 /* OCDSpecOutputterSpec.m in Sources */ = {isa = PBXBuildFile; fileRef = 07DD9D3C1347534F0034EA52 /* OCDSpecOutputterSpec.m */; settings = {COMPILER_FLAGS = "-fno-objc-arc"; }; };
		C01FCF5008A954540054248D /* OCDSpecDescriptionRunner.m in Sources */ = {isa = PBXBuildFile; fileRef = C01FCF5008A954540054248C /* OCDSpecDescriptionRunner.m */; settings = {COMPILER_FLAGS = "-fno-objc-arc"; }; };
		C01FCF5008A954540054248E /* OCDSpecDescriptionRunner.m in Sources */ = {isa = PBXBuildFile; fileRef = C01FCF5008A954540054248C /* OCDSpecDescriptionRunner.m */; };
		C01FCF5008A954540054248F /* OCDSpecDescriptionRunner.m in Sources */ = {isa = PBXBuildFile; fileRef = C01FCF5008A954540054248C /* OCDSpecDescriptionRunner.m */; };
		C01FCF5008A9545400542490 /* OCDSpecDescriptionRunner.m in Sources */ = {isa = PBXBuildFile; fileRef = C01FCF5008A954540054248C /* OCDSpecDescriptionRunner.m */; };
		C01FCF5008A9545400542491 /* OCDSpecDescriptionRunner.m in Sources */ = {isa = PBXBuildFile; fileRef = C01FCF5008A954540054248C /* OCDSpecDescriptionRunner.m */; };
		C01FCF5008A9545400542494 /* OCDSpecDescriptionRunnerSpec.m in Sources */ = {isa = PBXBuildFile; fileRef = C01FCF5008A9545400542493 /* OCDSpecDescriptionRunnerSpec.m */; settings = {COMPILER_FLAGS = "-fno-objc-arc"; }; };
		C01FCF5008A9545400542495 /* OCDSpecDescriptionRunnerSpec.m in Sources */ = {isa = PBXBuildFile; fileRef = C01FCF5008A9545400542493 /* OCDSpecDescriptionRunnerSpec.m */; };
		C01FCF5008A9545400542496 /* OCDSpecDescriptionRunnerSpec.m in Sources */ = {isa = PBXBuildFile; fileRef = C01FCF5008A9545400542493 /* OCDSpecDescriptionRunnerSpec.m */; };
		C01FCF5008A9545400542497 /* OCDSpecDescriptionRunnerSpec.m in Sources */ = {isa = PBXBuildFile; fileRef = C01FCF5008A9545400542493 /* OCDSpecDescriptionRunnerSpec.m */; };
		C01FCF5008A9545400542498 /* OCDSpecDescriptionRunnerSpec.m in Sources */ = {isa = PBXBuildFile; fileRef = C01FCF5008A9545400542493 /* OCDSpecDescriptionRunnerSpec.m */; };
		C01FCF5008A9545400542499 /* OCDSpecPreCondition.m in Sources */ = {isa = PBXBuildFile; fileRef = 0792749913DA1DD500F94421 /* OCDSpecPreCondition.m */; };
		C01FCF5008A954540054249A /* OCDSpecPreCondition.m in Sources */ = {isa = PBXBuildFile; fileRef = 0792749913DA1DD500F94421 /* OCDSpecPreCondition.m */; };
		C01FCF5008A954540054249B /* OCDSpecPreCondition.m in Sources */ = {isa = PBXBuildFile; fileRef = 0792749913DA1DD500F94421 /* OCDSpecPreCondition.m */; };
		C01FCF5008A954540054249C /* OCDSpecPostCondition.m in Sources */ = {isa = PBXBuildFile; fileRef = 0792749613DA1DAF00F94421 /* OCDSpecPostCondition.m */; };
		C01FCF5008A954540054249D /* OCDSpecPostCondition.m in Sources */ = {isa = PBXBuildFile; fileRef = 0792749613DA1DAF00F94421 /* OCDSpecPostCondition.m */; };
		C01FCF5008A954540054249E /* OCDSpecPostCondition.m in Sources */ = {isa = PBXBuildFile; fileRef = 0792749613DA1DAF00F94421 /* OCDSpecPostCondition.m */; };
		C01FCF5008A954540054249F /* OCDSpecCondition.m in Sources */ = {isa = PBXBuildFile; fileRef = 0792748A13DA1A7400F94421 /* OCDSpecCondition.m */; };
		C01FCF5008A95454005424A0 /* OCDSpecCondition.m in Sources */ = {isa = PBXBuildFile; fileRef = 0792748A13DA1A7400F94421 /* OCDSpecCondition.m */; };
		C01FCF5008A95454005424A1 /* OCDSpecCondition.m in Sources */ = {isa = PBXBuildFile; fileRef = 0792748A13DA1A7400F94421 /* OCDSpecCondition.m */; };
		C01FCF5008A95454005424A3 /* ValidClass.m in Sources */ = {isa = PBXBuildFile; fileRef = C01FCF5008A95454005424A2 /* ValidClass.m */; settings = {COMPILER_FLAGS = "-fno-objc-arc"; }; };
		C01FCF5008A95454005424A4 /* ValidClass.m in Sources */ = {isa = PBXBuildFile; fileRef = C01FCF5008A95454005424A2 /* ValidClass.m */; };
		C01FCF5008A95454005424A5 /* ValidClass.m in Sources */ = {isa = PBXBuildFile; fileRef = C01FCF5008A95454005424A2 /* ValidClass.m */; };
		C01FCF5008A95454005424A6 /* ValidClass.m in Sources */ = {isa = PBXBuildFile; fileRef = C01FCF5008A95454005424A2 /* ValidClass.m */; };
		C01FCF5008A95454005424A7 /* ValidClass.m in Sources */ = {isa = PBXBuildFile; fileRef = C01FCF5008A95454005424A2 /* ValidClass.m */; };
		C01FCF5008A95454005424AA /* InvalidClass.m in Sources */ = {isa = PBXBuildFile; fileRef = C01FCF5008A95454005424A9 /* InvalidClass.m */; settings = {COMPILER_FLAGS = "-fno-objc-arc"; }; };
		C01FCF5008A95454005424AB /* InvalidClass.m in Sources */ = {isa = PBXBuildFile; fileRef = C01FCF5008A95454005424A9 /* InvalidClass.m */; };
		C01FCF5008A95454005424AC /* InvalidClass.m in Sources */ = {isa = PBXBuildFile; fileRef = C01FCF5008A95454005424A9 /* InvalidClass.m */; };
		C01FCF5008A95454005424AD /* InvalidClass.m in Sources */ = {isa = PBXBuildFile; fileRef = C01FCF5008A95454005424A9 /* InvalidClass.m */; };
		C01FCF5008A95454005424AE /* InvalidClass.m in Sources */ = {isa = PBXBuildFile; fileRef = C01FCF5008A95454005424A9 /* InvalidClass.m */; };
		C01FCF5008A95454005424B1 /* MultipleMatchingClasses.m in Sources */ = {isa = PBXBuildFile; fileRef = C01FCF5008A95454005424B0 /* MultipleMatchingClasses.m */; settings = {COMPILER_FLAGS = "-fno-objc-arc"; }; };
		C01FCF5008A95454005424B2 /* MultipleMatchingClasses.m in Sources */ = {isa = PBXBuildFile; fileRef = C01FCF5008A95454005424B0 /* MultipleMatchingClasses.m */; };
		C01FCF5008A95454005424B3 /* MultipleMatchingClasses.m in Sources */ = {isa = PBXBuildFile; fileRef = C01FCF5008A95454005424B0 /* MultipleMatchingClasses.m */; };
		C01FCF5008A95454005424B4 /* MultipleMatchingClasses.m in Sources */ = {isa = PBXBuildFile; fileRef = C01FCF5008A95454005424B0 /* MultipleMatchingClasses.m */; };
		C01FCF5008A95454005424B5 /* MultipleMatchingClasses.m in Sources */ = {isa = PBXBuildFile; fileRef = C01FCF5008A95454005424B0 /* MultipleMatchingClasses.m */; };
/* End PBXBuildFile section */

/* Begin PBXCopyFilesBuildPhase section */
		07679CF51375EB5D0013D81B /* CopyFiles */ = {
			isa = PBXCopyFilesBuildPhase;
			buildActionMask = 2147483647;
			dstPath = /usr/share/man/man1/;
			dstSubfolderSpec = 0;
			files = (
			);
			runOnlyForDeploymentPostprocessing = 1;
		};
/* End PBXCopyFilesBuildPhase section */

/* Begin PBXFileReference section */
		073A6F7512F1D0A0003EC052 /* OCDSpecFailSpec.m */ = {isa = PBXFileReference; fileEncoding = 4; lastKnownFileType = sourcecode.c.objc; path = OCDSpecFailSpec.m; sourceTree = "<group>"; };
		07550BA4126A2BBB00C4A7FF /* UnitTests.app */ = {isa = PBXFileReference; explicitFileType = wrapper.application; includeInIndex = 0; path = UnitTests.app; sourceTree = BUILT_PRODUCTS_DIR; };
		0757F8B612C9B4460004134A /* testFailureinDescribeBlock.m */ = {isa = PBXFileReference; fileEncoding = 4; lastKnownFileType = sourcecode.c.objc; path = testFailureinDescribeBlock.m; sourceTree = "<group>"; tabWidth = 0; };
		0757F8BB12C9B4980004134A /* TestDescribeMacroFailing.app */ = {isa = PBXFileReference; explicitFileType = wrapper.application; includeInIndex = 0; path = TestDescribeMacroFailing.app; sourceTree = BUILT_PRODUCTS_DIR; };
		0757F8BD12C9B4980004134A /* TestDescribeMacroFailing-Info.plist */ = {isa = PBXFileReference; lastKnownFileType = text.plist.xml; name = "TestDescribeMacroFailing-Info.plist"; path = "Specs/Programs/TestDescribeMacroFailing-Info.plist"; sourceTree = "<group>"; };
		07602F81135385D800BE911D /* OCDSpecSuiteRunnerSpec.m */ = {isa = PBXFileReference; fileEncoding = 4; lastKnownFileType = sourcecode.c.objc; path = OCDSpecSuiteRunnerSpec.m; sourceTree = "<group>"; };
		0761B5231359E48C00FE98CC /* OCDSpecExpectationSpec.m */ = {isa = PBXFileReference; fileEncoding = 4; lastKnownFileType = sourcecode.c.objc; path = OCDSpecExpectationSpec.m; sourceTree = "<group>"; };
		07679CF71375EB5D0013D81B /* TestMacVersion */ = {isa = PBXFileReference; explicitFileType = "compiled.mach-o.executable"; includeInIndex = 0; path = TestMacVersion; sourceTree = BUILT_PRODUCTS_DIR; };
		07679CFE1375EB5D0013D81B /* TestMacVersion-Prefix.pch */ = {isa = PBXFileReference; lastKnownFileType = sourcecode.c.h; path = "TestMacVersion-Prefix.pch"; sourceTree = "<group>"; };
		07679CFF1375EB5D0013D81B /* TestMacVersion.1 */ = {isa = PBXFileReference; lastKnownFileType = text.man; path = TestMacVersion.1; sourceTree = "<group>"; };
		07679D181375EC5D0013D81B /* Cocoa.framework */ = {isa = PBXFileReference; lastKnownFileType = wrapper.framework; name = Cocoa.framework; path = System/Library/Frameworks/Cocoa.framework; sourceTree = SDKROOT; };
		07679D1B1375EC5D0013D81B /* AppKit.framework */ = {isa = PBXFileReference; lastKnownFileType = wrapper.framework; name = AppKit.framework; path = System/Library/Frameworks/AppKit.framework; sourceTree = SDKROOT; };
		07679D1C1375EC5D0013D81B /* CoreData.framework */ = {isa = PBXFileReference; lastKnownFileType = wrapper.framework; name = CoreData.framework; path = System/Library/Frameworks/CoreData.framework; sourceTree = SDKROOT; };
		07679D1D1375EC5D0013D81B /* Foundation.framework */ = {isa = PBXFileReference; lastKnownFileType = wrapper.framework; name = Foundation.framework; path = System/Library/Frameworks/Foundation.framework; sourceTree = SDKROOT; };
		07763E79131880620059DA1D /* OCDSpecOutputter.h */ = {isa = PBXFileReference; fileEncoding = 4; lastKnownFileType = sourcecode.c.h; path = OCDSpecOutputter.h; sourceTree = "<group>"; };
		07763E7A131880620059DA1D /* OCDSpecOutputter.m */ = {isa = PBXFileReference; fileEncoding = 4; lastKnownFileType = sourcecode.c.objc; path = OCDSpecOutputter.m; sourceTree = "<group>"; };
		077CEFF912DDDFBC00F7B1C5 /* OCDSpecDescription.h */ = {isa = PBXFileReference; fileEncoding = 4; lastKnownFileType = sourcecode.c.h; path = OCDSpecDescription.h; sourceTree = "<group>"; };
		077CF00312DDE01E00F7B1C5 /* OCDSpecDescription.m */ = {isa = PBXFileReference; fileEncoding = 4; lastKnownFileType = sourcecode.c.objc; path = OCDSpecDescription.m; sourceTree = "<group>"; };
		077CF00412DDE01E00F7B1C5 /* OCDSpecSuiteRunner.h */ = {isa = PBXFileReference; fileEncoding = 4; lastKnownFileType = sourcecode.c.h; path = OCDSpecSuiteRunner.h; sourceTree = "<group>"; };
		077CF00512DDE01E00F7B1C5 /* OCDSpecSuiteRunner.m */ = {isa = PBXFileReference; fileEncoding = 4; lastKnownFileType = sourcecode.c.objc; path = OCDSpecSuiteRunner.m; sourceTree = "<group>"; };
		077CF00612DDE01E00F7B1C5 /* OCDSpecExample.h */ = {isa = PBXFileReference; fileEncoding = 4; lastKnownFileType = sourcecode.c.h; path = OCDSpecExample.h; sourceTree = "<group>"; };
		077CF00712DDE01E00F7B1C5 /* OCDSpecExample.m */ = {isa = PBXFileReference; fileEncoding = 4; lastKnownFileType = sourcecode.c.objc; path = OCDSpecExample.m; sourceTree = "<group>"; };
		077CF00812DDE01E00F7B1C5 /* OCDSpecExampleSpec.m */ = {isa = PBXFileReference; fileEncoding = 4; lastKnownFileType = sourcecode.c.objc; path = OCDSpecExampleSpec.m; sourceTree = "<group>"; };
		077CF00912DDE01E00F7B1C5 /* OCDSpecFail.h */ = {isa = PBXFileReference; fileEncoding = 4; lastKnownFileType = sourcecode.c.h; path = OCDSpecFail.h; sourceTree = "<group>"; };
		077CF00A12DDE01E00F7B1C5 /* OCDSpecFail.m */ = {isa = PBXFileReference; fileEncoding = 4; lastKnownFileType = sourcecode.c.objc; path = OCDSpecFail.m; sourceTree = "<group>"; };
		077CF00B12DDE01E00F7B1C5 /* OCDSpecDescriptionSpec.m */ = {isa = PBXFileReference; fileEncoding = 4; lastKnownFileType = sourcecode.c.objc; path = OCDSpecDescriptionSpec.m; sourceTree = "<group>"; };
		0783C697128A6162003EBDFE /* DescriptionRunner.h */ = {isa = PBXFileReference; fileEncoding = 4; lastKnownFileType = sourcecode.c.h; path = DescriptionRunner.h; sourceTree = "<group>"; };
		07893DEF139052EB0060214F /* unitTestMain.m */ = {isa = PBXFileReference; fileEncoding = 4; lastKnownFileType = sourcecode.c.objc; name = unitTestMain.m; path = Programs/unitTestMain.m; sourceTree = "<group>"; };
		07893DF1139053DE0060214F /* macMain.m */ = {isa = PBXFileReference; fileEncoding = 4; lastKnownFileType = sourcecode.c.objc; name = macMain.m; path = Programs/macMain.m; sourceTree = "<group>"; };
		0792748913DA1A7400F94421 /* OCDSpecCondition.h */ = {isa = PBXFileReference; fileEncoding = 4; lastKnownFileType = sourcecode.c.h; path = OCDSpecCondition.h; sourceTree = "<group>"; };
		0792748A13DA1A7400F94421 /* OCDSpecCondition.m */ = {isa = PBXFileReference; fileEncoding = 4; lastKnownFileType = sourcecode.c.objc; path = OCDSpecCondition.m; sourceTree = "<group>"; };
		0792748B13DA1A7400F94421 /* OCDSpecPostCondition.h */ = {isa = PBXFileReference; fileEncoding = 4; lastKnownFileType = sourcecode.c.h; path = OCDSpecPostCondition.h; sourceTree = "<group>"; };
		0792748D13DA1A7400F94421 /* OCDSpecPreCondition.h */ = {isa = PBXFileReference; fileEncoding = 4; lastKnownFileType = sourcecode.c.h; path = OCDSpecPreCondition.h; sourceTree = "<group>"; };
		0792749513DA1BE900F94421 /* VoidBlock.h */ = {isa = PBXFileReference; lastKnownFileType = sourcecode.c.h; path = VoidBlock.h; sourceTree = "<group>"; };
		0792749613DA1DAF00F94421 /* OCDSpecPostCondition.m */ = {isa = PBXFileReference; fileEncoding = 4; lastKnownFileType = sourcecode.c.objc; path = OCDSpecPostCondition.m; sourceTree = "<group>"; };
		0792749913DA1DD500F94421 /* OCDSpecPreCondition.m */ = {isa = PBXFileReference; fileEncoding = 4; lastKnownFileType = sourcecode.c.objc; path = OCDSpecPreCondition.m; sourceTree = "<group>"; };
		0794ADB5134AC55100A484D6 /* OCDSpecResults.h */ = {isa = PBXFileReference; fileEncoding = 4; lastKnownFileType = sourcecode.c.h; path = OCDSpecResults.h; sourceTree = "<group>"; };
		0794AE46134B5B0D00A484D6 /* OCDSpecOutputter+RedirectOutputSpec.m */ = {isa = PBXFileReference; fileEncoding = 4; lastKnownFileType = sourcecode.c.objc; path = "OCDSpecOutputter+RedirectOutputSpec.m"; sourceTree = "<group>"; };
		0794AE4C134B5E2E00A484D6 /* OCDSpecOutputter+RedirectOutput.h */ = {isa = PBXFileReference; fileEncoding = 4; lastKnownFileType = sourcecode.c.h; path = "OCDSpecOutputter+RedirectOutput.h"; sourceTree = "<group>"; };
		0794AE4D134B5E2E00A484D6 /* OCDSpecOutputter+RedirectOutput.m */ = {isa = PBXFileReference; fileEncoding = 4; lastKnownFileType = sourcecode.c.objc; path = "OCDSpecOutputter+RedirectOutput.m"; sourceTree = "<group>"; };
		0795714812BA504200281A44 /* testSuccessInDescribeBlock.m */ = {isa = PBXFileReference; fileEncoding = 4; lastKnownFileType = sourcecode.c.objc; path = testSuccessInDescribeBlock.m; sourceTree = "<group>"; };
		0795715712BA51A700281A44 /* TestDescribeMacro.app */ = {isa = PBXFileReference; explicitFileType = wrapper.application; includeInIndex = 0; path = TestDescribeMacro.app; sourceTree = BUILT_PRODUCTS_DIR; };
		0795715912BA51A700281A44 /* TestDescribeMacro-Info.plist */ = {isa = PBXFileReference; lastKnownFileType = text.plist.xml; name = "TestDescribeMacro-Info.plist"; path = "Specs/Programs/TestDescribeMacro-Info.plist"; sourceTree = "<group>"; };
		07B90FAD12EA59E800FC388F /* OCDSpec.h */ = {isa = PBXFileReference; fileEncoding = 4; lastKnownFileType = sourcecode.c.h; path = OCDSpec.h; sourceTree = "<group>"; };
		07C0C17912CCD091008B4D42 /* TestMultipleDescriptions.app */ = {isa = PBXFileReference; explicitFileType = wrapper.application; includeInIndex = 0; path = TestMultipleDescriptions.app; sourceTree = BUILT_PRODUCTS_DIR; };
		07C0C17B12CCD091008B4D42 /* TestMultipleDescriptions-Info.plist */ = {isa = PBXFileReference; lastKnownFileType = text.plist.xml; name = "TestMultipleDescriptions-Info.plist"; path = "Specs/Programs/TestMultipleDescriptions-Info.plist"; sourceTree = "<group>"; };
		07C0C18812CCD140008B4D42 /* testMultipleDescriptions.m */ = {isa = PBXFileReference; fileEncoding = 4; lastKnownFileType = sourcecode.c.objc; path = testMultipleDescriptions.m; sourceTree = "<group>"; tabWidth = 0; };
		07C2DDF3128442EA009E03F7 /* MockExample.h */ = {isa = PBXFileReference; fileEncoding = 4; lastKnownFileType = sourcecode.c.h; path = MockExample.h; sourceTree = "<group>"; };
		07C2DDF4128442EA009E03F7 /* MockExample.m */ = {isa = PBXFileReference; fileEncoding = 4; lastKnownFileType = sourcecode.c.objc; path = MockExample.m; sourceTree = "<group>"; };
		07C2DE3712844CDE009E03F7 /* Example.h */ = {isa = PBXFileReference; fileEncoding = 4; lastKnownFileType = sourcecode.c.h; path = Example.h; sourceTree = "<group>"; };
		07C3DBA61362234D00CADEDB /* OCDSpecExpectation.h */ = {isa = PBXFileReference; fileEncoding = 4; lastKnownFileType = sourcecode.c.h; path = OCDSpecExpectation.h; sourceTree = "<group>"; };
		07C3DBA71362234D00CADEDB /* OCDSpecExpectation.m */ = {isa = PBXFileReference; fileEncoding = 4; lastKnownFileType = sourcecode.c.objc; path = OCDSpecExpectation.m; sourceTree = "<group>"; };
		07C3DBA913622CE600CADEDB /* MockObjectWithEquals.h */ = {isa = PBXFileReference; fileEncoding = 4; lastKnownFileType = sourcecode.c.h; path = MockObjectWithEquals.h; sourceTree = "<group>"; };
		07C3DBAA13622CE600CADEDB /* MockObjectWithEquals.m */ = {isa = PBXFileReference; fileEncoding = 4; lastKnownFileType = sourcecode.c.objc; path = MockObjectWithEquals.m; sourceTree = "<group>"; };
		07DD9D3C1347534F0034EA52 /* OCDSpecOutputterSpec.m */ = {isa = PBXFileReference; fileEncoding = 4; lastKnownFileType = sourcecode.c.objc; path = OCDSpecOutputterSpec.m; sourceTree = "<group>"; };
		1D30AB110D05D00D00671497 /* Foundation.framework */ = {isa = PBXFileReference; lastKnownFileType = wrapper.framework; name = Foundation.framework; path = System/Library/Frameworks/Foundation.framework; sourceTree = SDKROOT; };
		1DF5F4DF0D08C38300B7A737 /* UIKit.framework */ = {isa = PBXFileReference; lastKnownFileType = wrapper.framework; name = UIKit.framework; path = System/Library/Frameworks/UIKit.framework; sourceTree = SDKROOT; };
		C01FCF5008A954540054248B /* OCDSpecDescriptionRunner.h */ = {isa = PBXFileReference; fileEncoding = 4; lastKnownFileType = sourcecode.c.h; path = OCDSpecDescriptionRunner.h; sourceTree = "<group>"; };
		C01FCF5008A954540054248C /* OCDSpecDescriptionRunner.m */ = {isa = PBXFileReference; fileEncoding = 4; lastKnownFileType = sourcecode.c.objc; path = OCDSpecDescriptionRunner.m; sourceTree = "<group>"; };
		C01FCF5008A9545400542493 /* OCDSpecDescriptionRunnerSpec.m */ = {isa = PBXFileReference; fileEncoding = 4; lastKnownFileType = sourcecode.c.objc; path = OCDSpecDescriptionRunnerSpec.m; sourceTree = "<group>"; };
		C01FCF5008A95454005424A2 /* ValidClass.m */ = {isa = PBXFileReference; fileEncoding = 4; lastKnownFileType = sourcecode.c.objc; name = ValidClass.m; path = Helpers/ValidClass.m; sourceTree = "<group>"; };
		C01FCF5008A95454005424A8 /* ValidClass.h */ = {isa = PBXFileReference; fileEncoding = 4; lastKnownFileType = sourcecode.c.h; name = ValidClass.h; path = Helpers/ValidClass.h; sourceTree = "<group>"; };
		C01FCF5008A95454005424A9 /* InvalidClass.m */ = {isa = PBXFileReference; fileEncoding = 4; lastKnownFileType = sourcecode.c.objc; name = InvalidClass.m; path = Helpers/InvalidClass.m; sourceTree = "<group>"; };
		C01FCF5008A95454005424AF /* InvalidClass.h */ = {isa = PBXFileReference; fileEncoding = 4; lastKnownFileType = sourcecode.c.h; name = InvalidClass.h; path = Helpers/InvalidClass.h; sourceTree = "<group>"; };
		C01FCF5008A95454005424B0 /* MultipleMatchingClasses.m */ = {isa = PBXFileReference; fileEncoding = 4; lastKnownFileType = sourcecode.c.objc; name = MultipleMatchingClasses.m; path = Helpers/MultipleMatchingClasses.m; sourceTree = "<group>"; };
		C01FCF5008A95454005424B6 /* MultipleMatchingClasses.h */ = {isa = PBXFileReference; fileEncoding = 4; lastKnownFileType = sourcecode.c.h; name = MultipleMatchingClasses.h; path = Helpers/MultipleMatchingClasses.h; sourceTree = "<group>"; };
/* End PBXFileReference section */

/* Begin PBXFrameworksBuildPhase section */
		07550BA2126A2BBB00C4A7FF /* Frameworks */ = {
			isa = PBXFrameworksBuildPhase;
			buildActionMask = 2147483647;
			files = (
			);
			runOnlyForDeploymentPostprocessing = 0;
		};
		0757F8B912C9B4980004134A /* Frameworks */ = {
			isa = PBXFrameworksBuildPhase;
			buildActionMask = 2147483647;
			files = (
			);
			runOnlyForDeploymentPostprocessing = 0;
		};
		07679CF41375EB5D0013D81B /* Frameworks */ = {
			isa = PBXFrameworksBuildPhase;
			buildActionMask = 2147483647;
			files = (
				07679CF91375EB5D0013D81B /* Foundation.framework in Frameworks */,
			);
			runOnlyForDeploymentPostprocessing = 0;
		};
		0795715512BA51A700281A44 /* Frameworks */ = {
			isa = PBXFrameworksBuildPhase;
			buildActionMask = 2147483647;
			files = (
			);
			runOnlyForDeploymentPostprocessing = 0;
		};
		07C0C17712CCD091008B4D42 /* Frameworks */ = {
			isa = PBXFrameworksBuildPhase;
			buildActionMask = 2147483647;
			files = (
			);
			runOnlyForDeploymentPostprocessing = 0;
		};
/* End PBXFrameworksBuildPhase section */

/* Begin PBXGroup section */
		073A6F9312F1D43C003EC052 /* Mocks */ = {
			isa = PBXGroup;
			children = (
				07C2DDF3128442EA009E03F7 /* MockExample.h */,
				07C2DDF4128442EA009E03F7 /* MockExample.m */,
				07C3DBA913622CE600CADEDB /* MockObjectWithEquals.h */,
				07C3DBAA13622CE600CADEDB /* MockObjectWithEquals.m */,
			);
			path = Mocks;
			sourceTree = "<group>";
		};
		073A6FCA12F1D7C3003EC052 /* OCDSpec */ = {
			isa = PBXGroup;
			children = (
				C01FCF5008A954540054248C /* OCDSpecDescriptionRunner.m */,
				C01FCF5008A954540054248B /* OCDSpecDescriptionRunner.h */,
				0792748813DA1A7400F94421 /* Contract */,
				07893DEE139052590060214F /* Programs */,
				07C2DE3512844C33009E03F7 /* Protocols */,
				07B90FAD12EA59E800FC388F /* OCDSpec.h */,
				077CEFF912DDDFBC00F7B1C5 /* OCDSpecDescription.h */,
				077CF00312DDE01E00F7B1C5 /* OCDSpecDescription.m */,
				077CF00412DDE01E00F7B1C5 /* OCDSpecSuiteRunner.h */,
				077CF00512DDE01E00F7B1C5 /* OCDSpecSuiteRunner.m */,
				077CF00612DDE01E00F7B1C5 /* OCDSpecExample.h */,
				077CF00712DDE01E00F7B1C5 /* OCDSpecExample.m */,
				077CF00912DDE01E00F7B1C5 /* OCDSpecFail.h */,
				077CF00A12DDE01E00F7B1C5 /* OCDSpecFail.m */,
				07763E79131880620059DA1D /* OCDSpecOutputter.h */,
				07763E7A131880620059DA1D /* OCDSpecOutputter.m */,
				0794AE4C134B5E2E00A484D6 /* OCDSpecOutputter+RedirectOutput.h */,
				0794AE4D134B5E2E00A484D6 /* OCDSpecOutputter+RedirectOutput.m */,
				0794ADB5134AC55100A484D6 /* OCDSpecResults.h */,
				07C3DBA61362234D00CADEDB /* OCDSpecExpectation.h */,
				07C3DBA71362234D00CADEDB /* OCDSpecExpectation.m */,
				0792749513DA1BE900F94421 /* VoidBlock.h */,
				C01FCF5008A954540054248A /* Abstract */,
			);
			path = OCDSpec;
			sourceTree = "<group>";
		};
		073A6FCB12F1D7CB003EC052 /* Specs */ = {
			isa = PBXGroup;
			children = (
				C01FCF5008A95454005424B6 /* MultipleMatchingClasses.h */,
				C01FCF5008A95454005424B0 /* MultipleMatchingClasses.m */,
				C01FCF5008A95454005424AF /* InvalidClass.h */,
				C01FCF5008A95454005424A9 /* InvalidClass.m */,
				C01FCF5008A95454005424A8 /* ValidClass.h */,
				C01FCF5008A95454005424A2 /* ValidClass.m */,
				C01FCF5008A9545400542493 /* OCDSpecDescriptionRunnerSpec.m */,
				073A6F7512F1D0A0003EC052 /* OCDSpecFailSpec.m */,
				077CF00812DDE01E00F7B1C5 /* OCDSpecExampleSpec.m */,
				077CF00B12DDE01E00F7B1C5 /* OCDSpecDescriptionSpec.m */,
				07602F81135385D800BE911D /* OCDSpecSuiteRunnerSpec.m */,
				07DD9D3C1347534F0034EA52 /* OCDSpecOutputterSpec.m */,
				0794AE46134B5B0D00A484D6 /* OCDSpecOutputter+RedirectOutputSpec.m */,
				0761B5231359E48C00FE98CC /* OCDSpecExpectationSpec.m */,
				073A6F9312F1D43C003EC052 /* Mocks */,
				073A6FCC12F1D7DF003EC052 /* Programs */,
			);
			path = Specs;
			sourceTree = "<group>";
		};
		073A6FCC12F1D7DF003EC052 /* Programs */ = {
			isa = PBXGroup;
			children = (
				0795714812BA504200281A44 /* testSuccessInDescribeBlock.m */,
				0757F8B612C9B4460004134A /* testFailureinDescribeBlock.m */,
				07C0C18812CCD140008B4D42 /* testMultipleDescriptions.m */,
			);
			path = Programs;
			sourceTree = "<group>";
		};
		07679CFA1375EB5D0013D81B /* TestMacVersion */ = {
			isa = PBXGroup;
			children = (
				07679CFF1375EB5D0013D81B /* TestMacVersion.1 */,
				07679CFD1375EB5D0013D81B /* Supporting Files */,
			);
			path = TestMacVersion;
			sourceTree = "<group>";
		};
		07679CFD1375EB5D0013D81B /* Supporting Files */ = {
			isa = PBXGroup;
			children = (
				07679CFE1375EB5D0013D81B /* TestMacVersion-Prefix.pch */,
			);
			name = "Supporting Files";
			sourceTree = "<group>";
		};
		07679D1A1375EC5D0013D81B /* Other Frameworks */ = {
			isa = PBXGroup;
			children = (
				07679D1B1375EC5D0013D81B /* AppKit.framework */,
				07679D1C1375EC5D0013D81B /* CoreData.framework */,
				07679D1D1375EC5D0013D81B /* Foundation.framework */,
			);
			name = "Other Frameworks";
			sourceTree = "<group>";
		};
		07893DEE139052590060214F /* Programs */ = {
			isa = PBXGroup;
			children = (
				07893DF1139053DE0060214F /* macMain.m */,
				07893DEF139052EB0060214F /* unitTestMain.m */,
			);
			name = Programs;
			sourceTree = "<group>";
		};
		0792748813DA1A7400F94421 /* Contract */ = {
			isa = PBXGroup;
			children = (
				0792748913DA1A7400F94421 /* OCDSpecCondition.h */,
				0792748A13DA1A7400F94421 /* OCDSpecCondition.m */,
				0792748D13DA1A7400F94421 /* OCDSpecPreCondition.h */,
				0792749913DA1DD500F94421 /* OCDSpecPreCondition.m */,
				0792748B13DA1A7400F94421 /* OCDSpecPostCondition.h */,
				0792749613DA1DAF00F94421 /* OCDSpecPostCondition.m */,
			);
			path = Contract;
			sourceTree = "<group>";
		};
		07C2DE3512844C33009E03F7 /* Protocols */ = {
			isa = PBXGroup;
			children = (
				07C2DE3712844CDE009E03F7 /* Example.h */,
				0783C697128A6162003EBDFE /* DescriptionRunner.h */,
			);
			path = Protocols;
			sourceTree = "<group>";
		};
		19C28FACFE9D520D11CA2CBB /* Products */ = {
			isa = PBXGroup;
			children = (
				07550BA4126A2BBB00C4A7FF /* UnitTests.app */,
				0795715712BA51A700281A44 /* TestDescribeMacro.app */,
				0757F8BB12C9B4980004134A /* TestDescribeMacroFailing.app */,
				07C0C17912CCD091008B4D42 /* TestMultipleDescriptions.app */,
				07679CF71375EB5D0013D81B /* TestMacVersion */,
			);
			name = Products;
			sourceTree = "<group>";
		};
		29B97314FDCFA39411CA2CEA /* CustomTemplate */ = {
			isa = PBXGroup;
			children = (
				073A6FCB12F1D7CB003EC052 /* Specs */,
				073A6FCA12F1D7C3003EC052 /* OCDSpec */,
				07679CFA1375EB5D0013D81B /* TestMacVersion */,
				29B97323FDCFA39411CA2CEA /* Frameworks */,
				19C28FACFE9D520D11CA2CBB /* Products */,
				0795715912BA51A700281A44 /* TestDescribeMacro-Info.plist */,
				0757F8BD12C9B4980004134A /* TestDescribeMacroFailing-Info.plist */,
				07C0C17B12CCD091008B4D42 /* TestMultipleDescriptions-Info.plist */,
			);
			name = CustomTemplate;
			sourceTree = "<group>";
		};
		29B97323FDCFA39411CA2CEA /* Frameworks */ = {
			isa = PBXGroup;
			children = (
				1DF5F4DF0D08C38300B7A737 /* UIKit.framework */,
				1D30AB110D05D00D00671497 /* Foundation.framework */,
				07679D181375EC5D0013D81B /* Cocoa.framework */,
				07679D1A1375EC5D0013D81B /* Other Frameworks */,
			);
			name = Frameworks;
			sourceTree = "<group>";
		};
		C01FCF5008A954540054248A /* Abstract */ = {
			isa = PBXGroup;
			children = (
			);
			path = Abstract;
			sourceTree = "<group>";
		};
/* End PBXGroup section */

/* Begin PBXNativeTarget section */
		07550BA3126A2BBB00C4A7FF /* OCDSpecUnitTests */ = {
			isa = PBXNativeTarget;
			buildConfigurationList = 07550BA9126A2BBC00C4A7FF /* Build configuration list for PBXNativeTarget "OCDSpecUnitTests" */;
			buildPhases = (
				07550BA0126A2BBB00C4A7FF /* Resources */,
				07550BA1126A2BBB00C4A7FF /* Sources */,
				07550BA2126A2BBB00C4A7FF /* Frameworks */,
				0766C33112714A3B004BBD75 /* ShellScript */,
			);
			buildRules = (
			);
			dependencies = (
			);
			name = OCDSpecUnitTests;
			productName = UnitTests;
			productReference = 07550BA4126A2BBB00C4A7FF /* UnitTests.app */;
			productType = "com.apple.product-type.application";
		};
		0757F8BA12C9B4980004134A /* TestDescribeMacroFailing */ = {
			isa = PBXNativeTarget;
			buildConfigurationList = 0757F8C012C9B4990004134A /* Build configuration list for PBXNativeTarget "TestDescribeMacroFailing" */;
			buildPhases = (
				0757F8B712C9B4980004134A /* Resources */,
				0757F8B812C9B4980004134A /* Sources */,
				0757F8B912C9B4980004134A /* Frameworks */,
				0757F8C312C9B4B80004134A /* ShellScript */,
			);
			buildRules = (
			);
			dependencies = (
			);
			name = TestDescribeMacroFailing;
			productName = TestDescribeMacroFailing;
			productReference = 0757F8BB12C9B4980004134A /* TestDescribeMacroFailing.app */;
			productType = "com.apple.product-type.application";
		};
		07679CF61375EB5D0013D81B /* TestMacVersion */ = {
			isa = PBXNativeTarget;
			buildConfigurationList = 07679D001375EB5D0013D81B /* Build configuration list for PBXNativeTarget "TestMacVersion" */;
			buildPhases = (
				07679CF31375EB5D0013D81B /* Sources */,
				07679CF41375EB5D0013D81B /* Frameworks */,
				07679CF51375EB5D0013D81B /* CopyFiles */,
				078EAFF7137DCB8000954339 /* ShellScript */,
			);
			buildRules = (
			);
			dependencies = (
			);
			name = TestMacVersion;
			productName = TestMacVersion;
			productReference = 07679CF71375EB5D0013D81B /* TestMacVersion */;
			productType = "com.apple.product-type.tool";
		};
		0795715612BA51A700281A44 /* TestDescribeMacro */ = {
			isa = PBXNativeTarget;
			buildConfigurationList = 0795715C12BA51A700281A44 /* Build configuration list for PBXNativeTarget "TestDescribeMacro" */;
			buildPhases = (
				0795715312BA51A700281A44 /* Resources */,
				0795715412BA51A700281A44 /* Sources */,
				0795715512BA51A700281A44 /* Frameworks */,
				075CDB5012C3BF0F00E90E03 /* ShellScript */,
			);
			buildRules = (
			);
			dependencies = (
			);
			name = TestDescribeMacro;
			productName = TestDescribeMacro;
			productReference = 0795715712BA51A700281A44 /* TestDescribeMacro.app */;
			productType = "com.apple.product-type.application";
		};
		07C0C17812CCD091008B4D42 /* TestMultipleDescriptions */ = {
			isa = PBXNativeTarget;
			buildConfigurationList = 07C0C17E12CCD091008B4D42 /* Build configuration list for PBXNativeTarget "TestMultipleDescriptions" */;
			buildPhases = (
				07C0C17512CCD091008B4D42 /* Resources */,
				07C0C17612CCD091008B4D42 /* Sources */,
				07C0C17712CCD091008B4D42 /* Frameworks */,
				07C0C18012CCD0F7008B4D42 /* ShellScript */,
			);
			buildRules = (
			);
			dependencies = (
			);
			name = TestMultipleDescriptions;
			productName = TestMultipleDescriptions;
			productReference = 07C0C17912CCD091008B4D42 /* TestMultipleDescriptions.app */;
			productType = "com.apple.product-type.application";
		};
/* End PBXNativeTarget section */

/* Begin PBXProject section */
		29B97313FDCFA39411CA2CEA /* Project object */ = {
			isa = PBXProject;
			attributes = {
				LastUpgradeCheck = 0430;
			};
			buildConfigurationList = C01FCF4E08A954540054247B /* Build configuration list for PBXProject "OCDSpec" */;
			compatibilityVersion = "Xcode 3.2";
			developmentRegion = English;
			hasScannedForEncodings = 1;
			knownRegions = (
				en,
			);
			mainGroup = 29B97314FDCFA39411CA2CEA /* CustomTemplate */;
			projectDirPath = "";
			projectRoot = "";
			targets = (
				07550BA3126A2BBB00C4A7FF /* OCDSpecUnitTests */,
				0795715612BA51A700281A44 /* TestDescribeMacro */,
				0757F8BA12C9B4980004134A /* TestDescribeMacroFailing */,
				07C0C17812CCD091008B4D42 /* TestMultipleDescriptions */,
				07679CF61375EB5D0013D81B /* TestMacVersion */,
			);
		};
/* End PBXProject section */

/* Begin PBXResourcesBuildPhase section */
		07550BA0126A2BBB00C4A7FF /* Resources */ = {
			isa = PBXResourcesBuildPhase;
			buildActionMask = 2147483647;
			files = (
			);
			runOnlyForDeploymentPostprocessing = 0;
		};
		0757F8B712C9B4980004134A /* Resources */ = {
			isa = PBXResourcesBuildPhase;
			buildActionMask = 2147483647;
			files = (
			);
			runOnlyForDeploymentPostprocessing = 0;
		};
		0795715312BA51A700281A44 /* Resources */ = {
			isa = PBXResourcesBuildPhase;
			buildActionMask = 2147483647;
			files = (
			);
			runOnlyForDeploymentPostprocessing = 0;
		};
		07C0C17512CCD091008B4D42 /* Resources */ = {
			isa = PBXResourcesBuildPhase;
			buildActionMask = 2147483647;
			files = (
			);
			runOnlyForDeploymentPostprocessing = 0;
		};
/* End PBXResourcesBuildPhase section */

/* Begin PBXShellScriptBuildPhase section */
		0757F8C312C9B4B80004134A /* ShellScript */ = {
			isa = PBXShellScriptBuildPhase;
			buildActionMask = 2147483647;
			files = (
			);
			inputPaths = (
			);
			outputPaths = (
			);
			runOnlyForDeploymentPostprocessing = 0;
			shellPath = /bin/sh;
			shellScript = ./OCDSpec/Programs/RunIPhoneUnitTest.sh;
		};
		075CDB5012C3BF0F00E90E03 /* ShellScript */ = {
			isa = PBXShellScriptBuildPhase;
			buildActionMask = 2147483647;
			files = (
			);
			inputPaths = (
			);
			outputPaths = (
			);
			runOnlyForDeploymentPostprocessing = 0;
			shellPath = /bin/sh;
			shellScript = ./OCDSpec/Programs/RunIPhoneUnitTest.sh;
		};
		0766C33112714A3B004BBD75 /* ShellScript */ = {
			isa = PBXShellScriptBuildPhase;
			buildActionMask = 2147483647;
			files = (
			);
			inputPaths = (
			);
			outputPaths = (
			);
			runOnlyForDeploymentPostprocessing = 0;
			shellPath = /bin/sh;
			shellScript = ./OCDSpec/Programs/RunIPhoneUnitTest.sh;
		};
		078EAFF7137DCB8000954339 /* ShellScript */ = {
			isa = PBXShellScriptBuildPhase;
			buildActionMask = 2147483647;
			files = (
			);
			inputPaths = (
			);
			outputPaths = (
			);
			runOnlyForDeploymentPostprocessing = 0;
			shellPath = /bin/sh;
			shellScript = $TARGET_BUILD_DIR/$EXECUTABLE_PATH;
		};
		07C0C18012CCD0F7008B4D42 /* ShellScript */ = {
			isa = PBXShellScriptBuildPhase;
			buildActionMask = 2147483647;
			files = (
			);
			inputPaths = (
			);
			outputPaths = (
			);
			runOnlyForDeploymentPostprocessing = 0;
			shellPath = /bin/sh;
			shellScript = ./OCDSpec/Programs/RunIPhoneUnitTest.sh;
		};
/* End PBXShellScriptBuildPhase section */

/* Begin PBXSourcesBuildPhase section */
		07550BA1126A2BBB00C4A7FF /* Sources */ = {
			isa = PBXSourcesBuildPhase;
			buildActionMask = 2147483647;
			files = (
				07893DBD13904B080060214F /* OCDSpecDescription.m in Sources */,
				07893DBE13904B080060214F /* OCDSpecSuiteRunner.m in Sources */,
				07893DBF13904B080060214F /* OCDSpecExample.m in Sources */,
				07893DC013904B080060214F /* OCDSpecFail.m in Sources */,
				07893DC113904B080060214F /* OCDSpecOutputter.m in Sources */,
				07893DC313904B080060214F /* OCDSpecExpectation.m in Sources */,
				07679CE913749C060013D81B /* OCDSpecOutputter+RedirectOutput.m in Sources */,
				07C2DDF5128442EA009E03F7 /* MockExample.m in Sources */,
				077CF00F12DDE01E00F7B1C5 /* OCDSpecExampleSpec.m in Sources */,
				077CF01112DDE01E00F7B1C5 /* OCDSpecDescriptionSpec.m in Sources */,
				073A6F7612F1D0A0003EC052 /* OCDSpecFailSpec.m in Sources */,
				07DD9D3D1347534F0034EA52 /* OCDSpecOutputterSpec.m in Sources */,
				0794AE47134B5B0D00A484D6 /* OCDSpecOutputter+RedirectOutputSpec.m in Sources */,
				07602F82135385D800BE911D /* OCDSpecSuiteRunnerSpec.m in Sources */,
				0761B5241359E48C00FE98CC /* OCDSpecExpectationSpec.m in Sources */,
				07C3DBAB13622CE600CADEDB /* MockObjectWithEquals.m in Sources */,
				07893DF0139052EB0060214F /* unitTestMain.m in Sources */,
				0792748F13DA1A7400F94421 /* OCDSpecCondition.m in Sources */,
				0792749713DA1DAF00F94421 /* OCDSpecPostCondition.m in Sources */,
				0792749A13DA1DD500F94421 /* OCDSpecPreCondition.m in Sources */,
				C01FCF5008A954540054248D /* OCDSpecDescriptionRunner.m in Sources */,
				C01FCF5008A9545400542494 /* OCDSpecDescriptionRunnerSpec.m in Sources */,
				C01FCF5008A95454005424A3 /* ValidClass.m in Sources */,
				C01FCF5008A95454005424AA /* InvalidClass.m in Sources */,
				C01FCF5008A95454005424B1 /* MultipleMatchingClasses.m in Sources */,
			);
			runOnlyForDeploymentPostprocessing = 0;
		};
		0757F8B812C9B4980004134A /* Sources */ = {
			isa = PBXSourcesBuildPhase;
			buildActionMask = 2147483647;
			files = (
				07893DD913904C730060214F /* OCDSpecDescription.m in Sources */,
				07893DDA13904C730060214F /* OCDSpecSuiteRunner.m in Sources */,
				07893DDB13904C730060214F /* OCDSpecExample.m in Sources */,
				07893DDC13904C730060214F /* OCDSpecFail.m in Sources */,
				07893DDD13904C730060214F /* OCDSpecOutputter.m in Sources */,
				07893DDF13904C730060214F /* OCDSpecExpectation.m in Sources */,
				07120E19134FD04B00B8869B /* OCDSpecOutputter+RedirectOutput.m in Sources */,
				0757F8C112C9B4AA0004134A /* testFailureinDescribeBlock.m in Sources */,
				C01FCF5008A954540054248F /* OCDSpecDescriptionRunner.m in Sources */,
				C01FCF5008A9545400542496 /* OCDSpecDescriptionRunnerSpec.m in Sources */,
				C01FCF5008A954540054249A /* OCDSpecPreCondition.m in Sources */,
				C01FCF5008A954540054249D /* OCDSpecPostCondition.m in Sources */,
				C01FCF5008A95454005424A0 /* OCDSpecCondition.m in Sources */,
				C01FCF5008A95454005424A5 /* ValidClass.m in Sources */,
				C01FCF5008A95454005424AC /* InvalidClass.m in Sources */,
				C01FCF5008A95454005424B3 /* MultipleMatchingClasses.m in Sources */,
			);
			runOnlyForDeploymentPostprocessing = 0;
		};
		07679CF31375EB5D0013D81B /* Sources */ = {
			isa = PBXSourcesBuildPhase;
			buildActionMask = 2147483647;
			files = (
				07893DC413904BD20060214F /* OCDSpecDescription.m in Sources */,
				07893DC513904BD20060214F /* OCDSpecSuiteRunner.m in Sources */,
				07893DC613904BD20060214F /* OCDSpecExample.m in Sources */,
				07893DC713904BD20060214F /* OCDSpecFail.m in Sources */,
				07893DC813904BD20060214F /* OCDSpecOutputter.m in Sources */,
				07893DCA13904BD20060214F /* OCDSpecExpectation.m in Sources */,
				07679D051375EC490013D81B /* OCDSpecFailSpec.m in Sources */,
				07679D071375EC490013D81B /* OCDSpecExampleSpec.m in Sources */,
				07679D081375EC490013D81B /* OCDSpecDescriptionSpec.m in Sources */,
				07679D091375EC490013D81B /* OCDSpecSuiteRunnerSpec.m in Sources */,
				07679D0A1375EC490013D81B /* OCDSpecOutputterSpec.m in Sources */,
				07679D0B1375EC490013D81B /* OCDSpecOutputter+RedirectOutputSpec.m in Sources */,
				07679D0C1375EC490013D81B /* OCDSpecExpectationSpec.m in Sources */,
				07679D0E1375EC490013D81B /* MockExample.m in Sources */,
				07679D101375EC490013D81B /* MockObjectWithEquals.m in Sources */,
				07679D121375EC490013D81B /* OCDSpecOutputter+RedirectOutput.m in Sources */,
				07893DF2139053DE0060214F /* macMain.m in Sources */,
				0792749213DA1AC600F94421 /* OCDSpecCondition.m in Sources */,
				0792749813DA1DAF00F94421 /* OCDSpecPostCondition.m in Sources */,
				0792749B13DA1E0900F94421 /* OCDSpecPreCondition.m in Sources */,
				C01FCF5008A9545400542491 /* OCDSpecDescriptionRunner.m in Sources */,
				C01FCF5008A9545400542498 /* OCDSpecDescriptionRunnerSpec.m in Sources */,
				C01FCF5008A95454005424A7 /* ValidClass.m in Sources */,
				C01FCF5008A95454005424AE /* InvalidClass.m in Sources */,
				C01FCF5008A95454005424B5 /* MultipleMatchingClasses.m in Sources */,
			);
			runOnlyForDeploymentPostprocessing = 0;
		};
		0795715412BA51A700281A44 /* Sources */ = {
			isa = PBXSourcesBuildPhase;
			buildActionMask = 2147483647;
			files = (
				07893DE713904D890060214F /* OCDSpecDescription.m in Sources */,
				07893DE813904D890060214F /* OCDSpecSuiteRunner.m in Sources */,
				07893DE913904D890060214F /* OCDSpecExample.m in Sources */,
				07893DEA13904D890060214F /* OCDSpecFail.m in Sources */,
				07893DEB13904D890060214F /* OCDSpecOutputter.m in Sources */,
				07893DED13904D890060214F /* OCDSpecExpectation.m in Sources */,
				07120DFD134FCEE500B8869B /* OCDSpecOutputter+RedirectOutput.m in Sources */,
				0795716312BA51D800281A44 /* testSuccessInDescribeBlock.m in Sources */,
				C01FCF5008A954540054248E /* OCDSpecDescriptionRunner.m in Sources */,
				C01FCF5008A9545400542495 /* OCDSpecDescriptionRunnerSpec.m in Sources */,
				C01FCF5008A9545400542499 /* OCDSpecPreCondition.m in Sources */,
				C01FCF5008A954540054249C /* OCDSpecPostCondition.m in Sources */,
				C01FCF5008A954540054249F /* OCDSpecCondition.m in Sources */,
				C01FCF5008A95454005424A4 /* ValidClass.m in Sources */,
				C01FCF5008A95454005424AB /* InvalidClass.m in Sources */,
				C01FCF5008A95454005424B2 /* MultipleMatchingClasses.m in Sources */,
			);
			runOnlyForDeploymentPostprocessing = 0;
		};
		07C0C17612CCD091008B4D42 /* Sources */ = {
			isa = PBXSourcesBuildPhase;
			buildActionMask = 2147483647;
			files = (
				07893DE013904D670060214F /* OCDSpecDescription.m in Sources */,
				07893DE113904D670060214F /* OCDSpecSuiteRunner.m in Sources */,
				07893DE213904D670060214F /* OCDSpecExample.m in Sources */,
				07893DE313904D670060214F /* OCDSpecFail.m in Sources */,
				07893DE413904D670060214F /* OCDSpecOutputter.m in Sources */,
				07893DE613904D670060214F /* OCDSpecExpectation.m in Sources */,
				07C0C18A12CCD2E8008B4D42 /* testMultipleDescriptions.m in Sources */,
				07B90FCC12EBBBC500FC388F /* MockExample.m in Sources */,
				07120E1D134FD0D600B8869B /* OCDSpecOutputter+RedirectOutput.m in Sources */,
				C01FCF5008A9545400542490 /* OCDSpecDescriptionRunner.m in Sources */,
				C01FCF5008A9545400542497 /* OCDSpecDescriptionRunnerSpec.m in Sources */,
				C01FCF5008A954540054249B /* OCDSpecPreCondition.m in Sources */,
				C01FCF5008A954540054249E /* OCDSpecPostCondition.m in Sources */,
				C01FCF5008A95454005424A1 /* OCDSpecCondition.m in Sources */,
				C01FCF5008A95454005424A6 /* ValidClass.m in Sources */,
				C01FCF5008A95454005424AD /* InvalidClass.m in Sources */,
				C01FCF5008A95454005424B4 /* MultipleMatchingClasses.m in Sources */,
			);
			runOnlyForDeploymentPostprocessing = 0;
		};
/* End PBXSourcesBuildPhase section */

/* Begin XCBuildConfiguration section */
		07550BA7126A2BBB00C4A7FF /* Debug */ = {
			isa = XCBuildConfiguration;
			buildSettings = {
				ALWAYS_SEARCH_USER_PATHS = NO;
				CLANG_WARN_OBJCPP_ARC_ABI = YES;
				CODE_SIGN_IDENTITY = "iPhone Developer";
				COPY_PHASE_STRIP = NO;
				GCC_DYNAMIC_NO_PIC = NO;
				GCC_OPTIMIZATION_LEVEL = 0;
				GCC_PRECOMPILE_PREFIX_HEADER = YES;
				GCC_PREFIX_HEADER = "$(SYSTEM_LIBRARY_DIR)/Frameworks/UIKit.framework/Headers/UIKit.h";
				GCC_VERSION = com.apple.compilers.llvm.clang.1_0;
				INFOPLIST_FILE = "./Specs/Programs/OCDSpecUnitTests-Info.plist";
				INSTALL_PATH = "$(HOME)/Applications";
				OTHER_LDFLAGS = (
					"-framework",
					Foundation,
					"-framework",
					UIKit,
				);
				PRODUCT_NAME = UnitTests;
				SDKROOT = iphoneos;
				TARGETED_DEVICE_FAMILY = "1,2";
			};
			name = Debug;
		};
		07550BA8126A2BBB00C4A7FF /* Release */ = {
			isa = XCBuildConfiguration;
			buildSettings = {
				ALWAYS_SEARCH_USER_PATHS = NO;
				CLANG_WARN_OBJCPP_ARC_ABI = YES;
				CODE_SIGN_IDENTITY = "iPhone Developer";
				COPY_PHASE_STRIP = YES;
				DEBUG_INFORMATION_FORMAT = "dwarf-with-dsym";
				GCC_PRECOMPILE_PREFIX_HEADER = YES;
				GCC_PREFIX_HEADER = "$(SYSTEM_LIBRARY_DIR)/Frameworks/UIKit.framework/Headers/UIKit.h";
				GCC_VERSION = com.apple.compilers.llvm.clang.1_0;
				INFOPLIST_FILE = "UnitTests-Info.plist";
				INSTALL_PATH = "$(HOME)/Applications";
				OTHER_LDFLAGS = (
					"-framework",
					Foundation,
					"-framework",
					UIKit,
				);
				PRODUCT_NAME = UnitTests;
				SDKROOT = iphoneos;
				TARGETED_DEVICE_FAMILY = "1,2";
				ZERO_LINK = NO;
			};
			name = Release;
		};
		0757F8BE12C9B4990004134A /* Debug */ = {
			isa = XCBuildConfiguration;
			buildSettings = {
				ALWAYS_SEARCH_USER_PATHS = NO;
				CODE_SIGN_IDENTITY = "iPhone Developer";
				COPY_PHASE_STRIP = NO;
				GCC_DYNAMIC_NO_PIC = NO;
				GCC_OPTIMIZATION_LEVEL = 0;
				GCC_PRECOMPILE_PREFIX_HEADER = YES;
				GCC_PREFIX_HEADER = "$(SYSTEM_LIBRARY_DIR)/Frameworks/UIKit.framework/Headers/UIKit.h";
				INFOPLIST_FILE = "./Specs/Programs/TestDescribeMacroFailing-Info.plist";
				INSTALL_PATH = "$(HOME)/Applications";
				OTHER_LDFLAGS = (
					"-framework",
					Foundation,
					"-framework",
					UIKit,
				);
				PRODUCT_NAME = TestDescribeMacroFailing;
				SDKROOT = iphoneos;
			};
			name = Debug;
		};
		0757F8BF12C9B4990004134A /* Release */ = {
			isa = XCBuildConfiguration;
			buildSettings = {
				ALWAYS_SEARCH_USER_PATHS = NO;
				CODE_SIGN_IDENTITY = "iPhone Developer";
				COPY_PHASE_STRIP = YES;
				DEBUG_INFORMATION_FORMAT = "dwarf-with-dsym";
				GCC_PRECOMPILE_PREFIX_HEADER = YES;
				GCC_PREFIX_HEADER = "$(SYSTEM_LIBRARY_DIR)/Frameworks/UIKit.framework/Headers/UIKit.h";
				INFOPLIST_FILE = "TestDescribeMacroFailing-Info.plist";
				INSTALL_PATH = "$(HOME)/Applications";
				OTHER_LDFLAGS = (
					"-framework",
					Foundation,
					"-framework",
					UIKit,
				);
				PRODUCT_NAME = TestDescribeMacroFailing;
				SDKROOT = iphoneos;
				ZERO_LINK = NO;
			};
			name = Release;
		};
		07679D011375EB5D0013D81B /* Debug */ = {
			isa = XCBuildConfiguration;
			buildSettings = {
				ALWAYS_SEARCH_USER_PATHS = NO;
				ARCHS = "$(ARCHS_STANDARD_32_64_BIT)";
				COPY_PHASE_STRIP = NO;
				GCC_C_LANGUAGE_STANDARD = gnu99;
				GCC_DYNAMIC_NO_PIC = NO;
				GCC_ENABLE_OBJC_EXCEPTIONS = YES;
				GCC_OPTIMIZATION_LEVEL = 0;
				GCC_PRECOMPILE_PREFIX_HEADER = YES;
				GCC_PREFIX_HEADER = "TestMacVersion/TestMacVersion-Prefix.pch";
				GCC_SYMBOLS_PRIVATE_EXTERN = NO;
				GCC_VERSION = com.apple.compilers.llvm.clang.1_0;
				GCC_WARN_64_TO_32_BIT_CONVERSION = YES;
				MACOSX_DEPLOYMENT_TARGET = 10.6;
				ONLY_ACTIVE_ARCH = YES;
				PRODUCT_NAME = "$(TARGET_NAME)";
				SDKROOT = macosx;
			};
			name = Debug;
		};
		07679D021375EB5D0013D81B /* Release */ = {
			isa = XCBuildConfiguration;
			buildSettings = {
				ALWAYS_SEARCH_USER_PATHS = NO;
				ARCHS = "$(ARCHS_STANDARD_32_64_BIT)";
				COPY_PHASE_STRIP = YES;
				DEBUG_INFORMATION_FORMAT = "dwarf-with-dsym";
				GCC_C_LANGUAGE_STANDARD = gnu99;
				GCC_ENABLE_OBJC_EXCEPTIONS = YES;
				GCC_PRECOMPILE_PREFIX_HEADER = YES;
				GCC_PREFIX_HEADER = "TestMacVersion/TestMacVersion-Prefix.pch";
				GCC_VERSION = com.apple.compilers.llvm.clang.1_0;
				GCC_WARN_64_TO_32_BIT_CONVERSION = YES;
				MACOSX_DEPLOYMENT_TARGET = 10.6;
				PRODUCT_NAME = "$(TARGET_NAME)";
				SDKROOT = macosx;
			};
			name = Release;
		};
		0795715A12BA51A700281A44 /* Debug */ = {
			isa = XCBuildConfiguration;
			buildSettings = {
				ALWAYS_SEARCH_USER_PATHS = NO;
				CODE_SIGN_IDENTITY = "iPhone Developer";
				COPY_PHASE_STRIP = NO;
				GCC_DYNAMIC_NO_PIC = NO;
				GCC_OPTIMIZATION_LEVEL = 0;
				GCC_PRECOMPILE_PREFIX_HEADER = YES;
				GCC_PREFIX_HEADER = "$(SYSTEM_LIBRARY_DIR)/Frameworks/UIKit.framework/Headers/UIKit.h";
				INFOPLIST_FILE = "./Specs/Programs/TestDescribeMacro-Info.plist";
				INSTALL_PATH = "$(HOME)/Applications";
				OTHER_LDFLAGS = (
					"-framework",
					Foundation,
					"-framework",
					UIKit,
				);
				PRODUCT_NAME = TestDescribeMacro;
				SDKROOT = iphoneos;
			};
			name = Debug;
		};
		0795715B12BA51A700281A44 /* Release */ = {
			isa = XCBuildConfiguration;
			buildSettings = {
				ALWAYS_SEARCH_USER_PATHS = NO;
				CODE_SIGN_IDENTITY = "iPhone Developer";
				COPY_PHASE_STRIP = YES;
				DEBUG_INFORMATION_FORMAT = "dwarf-with-dsym";
				GCC_PRECOMPILE_PREFIX_HEADER = YES;
				GCC_PREFIX_HEADER = "$(SYSTEM_LIBRARY_DIR)/Frameworks/UIKit.framework/Headers/UIKit.h";
				INFOPLIST_FILE = "TestDescribeMacro-Info.plist";
				INSTALL_PATH = "$(HOME)/Applications";
				OTHER_LDFLAGS = (
					"-framework",
					Foundation,
					"-framework",
					UIKit,
				);
				PRODUCT_NAME = TestDescribeMacro;
				SDKROOT = iphoneos;
				ZERO_LINK = NO;
			};
			name = Release;
		};
		07C0C17C12CCD091008B4D42 /* Debug */ = {
			isa = XCBuildConfiguration;
			buildSettings = {
				ALWAYS_SEARCH_USER_PATHS = NO;
				CODE_SIGN_IDENTITY = "iPhone Developer";
				COPY_PHASE_STRIP = NO;
				GCC_DYNAMIC_NO_PIC = NO;
				GCC_OPTIMIZATION_LEVEL = 0;
				GCC_PRECOMPILE_PREFIX_HEADER = YES;
				GCC_PREFIX_HEADER = "$(SYSTEM_LIBRARY_DIR)/Frameworks/UIKit.framework/Headers/UIKit.h";
				INFOPLIST_FILE = "./Specs/Programs/TestMultipleDescriptions-Info.plist";
				INSTALL_PATH = "$(HOME)/Applications";
				OTHER_LDFLAGS = (
					"-framework",
					Foundation,
					"-framework",
					UIKit,
				);
				PRODUCT_NAME = TestMultipleDescriptions;
				SDKROOT = iphoneos;
			};
			name = Debug;
		};
		07C0C17D12CCD091008B4D42 /* Release */ = {
			isa = XCBuildConfiguration;
			buildSettings = {
				ALWAYS_SEARCH_USER_PATHS = NO;
				CODE_SIGN_IDENTITY = "iPhone Developer";
				COPY_PHASE_STRIP = YES;
				DEBUG_INFORMATION_FORMAT = "dwarf-with-dsym";
				GCC_PRECOMPILE_PREFIX_HEADER = YES;
				GCC_PREFIX_HEADER = "$(SYSTEM_LIBRARY_DIR)/Frameworks/UIKit.framework/Headers/UIKit.h";
				INFOPLIST_FILE = "TestMultipleDescriptions-Info.plist";
				INSTALL_PATH = "$(HOME)/Applications";
				OTHER_LDFLAGS = (
					"-framework",
					Foundation,
					"-framework",
					UIKit,
				);
				PRODUCT_NAME = TestMultipleDescriptions;
				SDKROOT = iphoneos;
				ZERO_LINK = NO;
			};
			name = Release;
		};
		C01FCF4F08A954540054247B /* Debug */ = {
			isa = XCBuildConfiguration;
			buildSettings = {
				ARCHS = "$(ARCHS_STANDARD_32_BIT)";
				CLANG_ENABLE_OBJC_ARC = YES;
				CLANG_WARN_OBJCPP_ARC_ABI = YES;
				"CODE_SIGN_IDENTITY[sdk=iphoneos*]" = "iPhone Developer";
				GCC_C_LANGUAGE_STANDARD = c99;
				GCC_PREPROCESSOR_DEFINITIONS = DEBUG;
				GCC_WARN_ABOUT_RETURN_TYPE = YES;
				GCC_WARN_UNUSED_VARIABLE = YES;
				HEADER_SEARCH_PATHS = "${SRCROOT}";
				SDKROOT = macosx;
				TARGETED_DEVICE_FAMILY = "1,2";
			};
			name = Debug;
		};
		C01FCF5008A954540054247B /* Release */ = {
			isa = XCBuildConfiguration;
			buildSettings = {
				ARCHS = "$(ARCHS_STANDARD_32_BIT)";
				CLANG_ENABLE_OBJC_ARC = YES;
				CLANG_WARN_OBJCPP_ARC_ABI = YES;
				"CODE_SIGN_IDENTITY[sdk=iphoneos*]" = "iPhone Developer";
				GCC_C_LANGUAGE_STANDARD = c99;
				GCC_WARN_ABOUT_RETURN_TYPE = YES;
				GCC_WARN_UNUSED_VARIABLE = YES;
				OTHER_CFLAGS = "-DNS_BLOCK_ASSERTIONS=1";
				SDKROOT = macosx;
				TARGETED_DEVICE_FAMILY = "1,2";
			};
			name = Release;
		};
/* End XCBuildConfiguration section */

/* Begin XCConfigurationList section */
		07550BA9126A2BBC00C4A7FF /* Build configuration list for PBXNativeTarget "OCDSpecUnitTests" */ = {
			isa = XCConfigurationList;
			buildConfigurations = (
				07550BA7126A2BBB00C4A7FF /* Debug */,
				07550BA8126A2BBB00C4A7FF /* Release */,
			);
			defaultConfigurationIsVisible = 0;
			defaultConfigurationName = Release;
		};
		0757F8C012C9B4990004134A /* Build configuration list for PBXNativeTarget "TestDescribeMacroFailing" */ = {
			isa = XCConfigurationList;
			buildConfigurations = (
				0757F8BE12C9B4990004134A /* Debug */,
				0757F8BF12C9B4990004134A /* Release */,
			);
			defaultConfigurationIsVisible = 0;
			defaultConfigurationName = Release;
		};
		07679D001375EB5D0013D81B /* Build configuration list for PBXNativeTarget "TestMacVersion" */ = {
			isa = XCConfigurationList;
			buildConfigurations = (
				07679D011375EB5D0013D81B /* Debug */,
				07679D021375EB5D0013D81B /* Release */,
			);
			defaultConfigurationIsVisible = 0;
			defaultConfigurationName = Release;
		};
		0795715C12BA51A700281A44 /* Build configuration list for PBXNativeTarget "TestDescribeMacro" */ = {
			isa = XCConfigurationList;
			buildConfigurations = (
				0795715A12BA51A700281A44 /* Debug */,
				0795715B12BA51A700281A44 /* Release */,
			);
			defaultConfigurationIsVisible = 0;
			defaultConfigurationName = Release;
		};
		07C0C17E12CCD091008B4D42 /* Build configuration list for PBXNativeTarget "TestMultipleDescriptions" */ = {
			isa = XCConfigurationList;
			buildConfigurations = (
				07C0C17C12CCD091008B4D42 /* Debug */,
				07C0C17D12CCD091008B4D42 /* Release */,
			);
			defaultConfigurationIsVisible = 0;
			defaultConfigurationName = Release;
		};
		C01FCF4E08A954540054247B /* Build configuration list for PBXProject "OCDSpec" */ = {
			isa = XCConfigurationList;
			buildConfigurations = (
				C01FCF4F08A954540054247B /* Debug */,
				C01FCF5008A954540054247B /* Release */,
			);
			defaultConfigurationIsVisible = 0;
			defaultConfigurationName = Release;
		};
/* End XCConfigurationList section */
	};
	rootObject = 29B97313FDCFA39411CA2CEA /* Project object */;
}
